
Microsoft Visual Studio Solution File, Format Version 12.00
# Visual Studio 15
VisualStudioVersion = 15.0.27130.2036
MinimumVisualStudioVersion = 10.0.40219.1
Project("{2150E333-8FDC-42A3-9474-1A3956D46DE8}") = ".paket", ".paket", "{ED752CB6-0C58-4520-8091-2630647230C6}"
	ProjectSection(SolutionItems) = preProject
		paket.dependencies = paket.dependencies
	EndProjectSection
EndProject
Project("{2150E333-8FDC-42A3-9474-1A3956D46DE8}") = "src", "src", "{C2F8FF63-7A48-4179-A720-86206C42F496}"
EndProject
Project("{2150E333-8FDC-42A3-9474-1A3956D46DE8}") = "test", "test", "{8EA18457-86E2-4D2D-AC9E-2552FDC9676F}"
EndProject
Project("{9A19103F-16F7-4668-BE54-9A1E7A4F7556}") = "RoadRegistry.BackOffice", "src\RoadRegistry.BackOffice\RoadRegistry.BackOffice.csproj", "{BE9DCAED-271E-49EB-B2CC-BB4D727AFA21}"
EndProject
Project("{9A19103F-16F7-4668-BE54-9A1E7A4F7556}") = "RoadRegistry.BackOffice.Api", "src\RoadRegistry.BackOffice.Api\RoadRegistry.BackOffice.Api.csproj", "{FF17E3C0-79EB-4585-978F-D77CEFF70BD5}"
EndProject
Project("{FAE04EC0-301F-11D3-BF4B-00C04F79EFBC}") = "RoadRegistry.Editor.Schema", "src\RoadRegistry.Editor.Schema\RoadRegistry.Editor.Schema.csproj", "{940C6D7A-3D79-4CF1-AC43-1B059A389296}"
EndProject
Project("{9A19103F-16F7-4668-BE54-9A1E7A4F7556}") = "RoadRegistry.Editor.Projections", "src\RoadRegistry.Editor.Projections\RoadRegistry.Editor.Projections.csproj", "{1DB4FC79-FCB0-4186-AB90-693334475938}"
EndProject
Project("{9A19103F-16F7-4668-BE54-9A1E7A4F7556}") = "RoadRegistry.Structurizr", "docs\RoadRegistry.Structurizr\RoadRegistry.Structurizr.csproj", "{E769594D-0625-4928-8061-481BF7FFFCFD}"
EndProject
Project("{2150E333-8FDC-42A3-9474-1A3956D46DE8}") = "docs", "docs", "{FCF39E66-4EE0-4265-B8D6-0AD721AF138C}"
EndProject
Project("{9A19103F-16F7-4668-BE54-9A1E7A4F7556}") = "RoadRegistry.Tests", "test\RoadRegistry.Tests\RoadRegistry.Tests.csproj", "{0943FA25-9B89-4023-81DE-4A320B88EA7F}"
EndProject
Project("{2150E333-8FDC-42A3-9474-1A3956D46DE8}") = "Solution Items", "Solution Items", "{1710F546-49E2-4BAA-A8AB-655D55AD91CF}"
	ProjectSection(SolutionItems) = preProject
		build.fsx = build.fsx
		docker-compose.yml = docker-compose.yml
		LICENSE = LICENSE
		README.md = README.md
	EndProjectSection
EndProject
Project("{9A19103F-16F7-4668-BE54-9A1E7A4F7556}") = "RoadRegistry.Legacy.Extract", "src\RoadRegistry.Legacy.Extract\RoadRegistry.Legacy.Extract.csproj", "{B5267E8A-DB8F-44C3-9046-69573A75B104}"
EndProject
Project("{9A19103F-16F7-4668-BE54-9A1E7A4F7556}") = "RoadRegistry.Legacy.Import", "src\RoadRegistry.Legacy.Import\RoadRegistry.Legacy.Import.csproj", "{89A34C62-12D6-4505-AE09-9ECC7B5D07D6}"
EndProject
Project("{FAE04EC0-301F-11D3-BF4B-00C04F79EFBC}") = "RoadRegistry.BackOffice.CommandHost", "src\RoadRegistry.BackOffice.CommandHost\RoadRegistry.BackOffice.CommandHost.csproj", "{908BDFD7-2B26-4357-AF0A-7276E0790E1B}"
EndProject
Project("{FAE04EC0-301F-11D3-BF4B-00C04F79EFBC}") = "RoadRegistry.BackOffice.EventHost", "src\RoadRegistry.BackOffice.EventHost\RoadRegistry.BackOffice.EventHost.csproj", "{B0B7D5C8-2331-41D2-A5AE-37D51063ED79}"
EndProject
Project("{FAE04EC0-301F-11D3-BF4B-00C04F79EFBC}") = "RoadRegistry.BackOffice.Simulator", "src\RoadRegistry.BackOffice.Simulator\RoadRegistry.BackOffice.Simulator.csproj", "{CA1BFB13-0998-4474-A9FE-D3250496E51C}"
EndProject
Project("{FAE04EC0-301F-11D3-BF4B-00C04F79EFBC}") = "RoadRegistry.Editor.ProjectionHost", "src\RoadRegistry.Editor.ProjectionHost\RoadRegistry.Editor.ProjectionHost.csproj", "{1E346E33-D705-45EC-9281-6A468D710F6A}"
EndProject
Project("{FAE04EC0-301F-11D3-BF4B-00C04F79EFBC}") = "RoadRegistry.Product.Schema", "src\RoadRegistry.Product.Schema\RoadRegistry.Product.Schema.csproj", "{5BC8F8EF-64C6-4628-948B-2399AC407FAF}"
EndProject
Project("{FAE04EC0-301F-11D3-BF4B-00C04F79EFBC}") = "RoadRegistry.Product.Projections", "src\RoadRegistry.Product.Projections\RoadRegistry.Product.Projections.csproj", "{3A54539E-6EE3-490C-A9B6-52ECE36705D6}"
EndProject
Project("{FAE04EC0-301F-11D3-BF4B-00C04F79EFBC}") = "RoadRegistry.Product.ProjectionHost", "src\RoadRegistry.Product.ProjectionHost\RoadRegistry.Product.ProjectionHost.csproj", "{CBBDE812-BAD5-4A2E-9BC5-B93020EB1D02}"
EndProject
Project("{FAE04EC0-301F-11D3-BF4B-00C04F79EFBC}") = "RoadRegistry.Wms.ProjectionHost", "src\RoadRegistry.Wms.ProjectionHost\RoadRegistry.Wms.ProjectionHost.csproj", "{D24EAA1F-99E9-4FAE-8FF8-7F2185471628}"
EndProject
Project("{FAE04EC0-301F-11D3-BF4B-00C04F79EFBC}") = "RoadRegistry.Wms.Projections", "src\RoadRegistry.Wms.Projections\RoadRegistry.Wms.Projections.csproj", "{29874E0E-B52D-4417-9F10-FD95A52328C5}"
EndProject
Project("{FAE04EC0-301F-11D3-BF4B-00C04F79EFBC}") = "RoadRegistry.Wms.Schema", "src\RoadRegistry.Wms.Schema\RoadRegistry.Wms.Schema.csproj", "{7771F484-0FB5-4BFC-AE36-2C93BBF231B9}"
EndProject
Project("{FAE04EC0-301F-11D3-BF4B-00C04F79EFBC}") = "RoadRegistry.Syndication.Schema", "src\RoadRegistry.Syndication.Schema\RoadRegistry.Syndication.Schema.csproj", "{7EB7794C-F48A-44D7-A336-42FE4039EC0E}"
EndProject
Project("{FAE04EC0-301F-11D3-BF4B-00C04F79EFBC}") = "RoadRegistry.Syndication.Projections", "src\RoadRegistry.Syndication.Projections\RoadRegistry.Syndication.Projections.csproj", "{DD465CAE-8009-4EFD-9D68-40C768452D3D}"
EndProject
Project("{FAE04EC0-301F-11D3-BF4B-00C04F79EFBC}") = "RoadRegistry.Syndication.ProjectionHost", "src\RoadRegistry.Syndication.ProjectionHost\RoadRegistry.Syndication.ProjectionHost.csproj", "{05809D3C-33BC-4224-A2DE-0C1C0D9F9C08}"
EndProject
Global
	GlobalSection(SolutionConfigurationPlatforms) = preSolution
		Debug|Any CPU = Debug|Any CPU
		Debug|x64 = Debug|x64
		Debug|x86 = Debug|x86
		Release|Any CPU = Release|Any CPU
		Release|x64 = Release|x64
		Release|x86 = Release|x86
	EndGlobalSection
	GlobalSection(ProjectConfigurationPlatforms) = postSolution
		{1DB4FC79-FCB0-4186-AB90-693334475938}.Debug|Any CPU.ActiveCfg = Debug|Any CPU
		{1DB4FC79-FCB0-4186-AB90-693334475938}.Debug|Any CPU.Build.0 = Debug|Any CPU
		{1DB4FC79-FCB0-4186-AB90-693334475938}.Debug|x64.ActiveCfg = Debug|Any CPU
		{1DB4FC79-FCB0-4186-AB90-693334475938}.Debug|x64.Build.0 = Debug|Any CPU
		{1DB4FC79-FCB0-4186-AB90-693334475938}.Debug|x86.ActiveCfg = Debug|Any CPU
		{1DB4FC79-FCB0-4186-AB90-693334475938}.Debug|x86.Build.0 = Debug|Any CPU
		{1DB4FC79-FCB0-4186-AB90-693334475938}.Release|Any CPU.ActiveCfg = Release|Any CPU
		{1DB4FC79-FCB0-4186-AB90-693334475938}.Release|Any CPU.Build.0 = Release|Any CPU
		{1DB4FC79-FCB0-4186-AB90-693334475938}.Release|x64.ActiveCfg = Release|Any CPU
		{1DB4FC79-FCB0-4186-AB90-693334475938}.Release|x64.Build.0 = Release|Any CPU
		{1DB4FC79-FCB0-4186-AB90-693334475938}.Release|x86.ActiveCfg = Release|Any CPU
		{1DB4FC79-FCB0-4186-AB90-693334475938}.Release|x86.Build.0 = Release|Any CPU
		{BE9DCAED-271E-49EB-B2CC-BB4D727AFA21}.Debug|Any CPU.ActiveCfg = Debug|Any CPU
		{BE9DCAED-271E-49EB-B2CC-BB4D727AFA21}.Debug|Any CPU.Build.0 = Debug|Any CPU
		{BE9DCAED-271E-49EB-B2CC-BB4D727AFA21}.Debug|x64.ActiveCfg = Debug|Any CPU
		{BE9DCAED-271E-49EB-B2CC-BB4D727AFA21}.Debug|x64.Build.0 = Debug|Any CPU
		{BE9DCAED-271E-49EB-B2CC-BB4D727AFA21}.Debug|x86.ActiveCfg = Debug|Any CPU
		{BE9DCAED-271E-49EB-B2CC-BB4D727AFA21}.Debug|x86.Build.0 = Debug|Any CPU
		{BE9DCAED-271E-49EB-B2CC-BB4D727AFA21}.Release|Any CPU.ActiveCfg = Release|Any CPU
		{BE9DCAED-271E-49EB-B2CC-BB4D727AFA21}.Release|Any CPU.Build.0 = Release|Any CPU
		{BE9DCAED-271E-49EB-B2CC-BB4D727AFA21}.Release|x64.ActiveCfg = Release|Any CPU
		{BE9DCAED-271E-49EB-B2CC-BB4D727AFA21}.Release|x64.Build.0 = Release|Any CPU
		{BE9DCAED-271E-49EB-B2CC-BB4D727AFA21}.Release|x86.ActiveCfg = Release|Any CPU
		{BE9DCAED-271E-49EB-B2CC-BB4D727AFA21}.Release|x86.Build.0 = Release|Any CPU
		{E769594D-0625-4928-8061-481BF7FFFCFD}.Debug|Any CPU.ActiveCfg = Debug|Any CPU
		{E769594D-0625-4928-8061-481BF7FFFCFD}.Debug|Any CPU.Build.0 = Debug|Any CPU
		{E769594D-0625-4928-8061-481BF7FFFCFD}.Debug|x64.ActiveCfg = Debug|Any CPU
		{E769594D-0625-4928-8061-481BF7FFFCFD}.Debug|x64.Build.0 = Debug|Any CPU
		{E769594D-0625-4928-8061-481BF7FFFCFD}.Debug|x86.ActiveCfg = Debug|Any CPU
		{E769594D-0625-4928-8061-481BF7FFFCFD}.Debug|x86.Build.0 = Debug|Any CPU
		{E769594D-0625-4928-8061-481BF7FFFCFD}.Release|Any CPU.ActiveCfg = Release|Any CPU
		{E769594D-0625-4928-8061-481BF7FFFCFD}.Release|Any CPU.Build.0 = Release|Any CPU
		{E769594D-0625-4928-8061-481BF7FFFCFD}.Release|x64.ActiveCfg = Release|Any CPU
		{E769594D-0625-4928-8061-481BF7FFFCFD}.Release|x64.Build.0 = Release|Any CPU
		{E769594D-0625-4928-8061-481BF7FFFCFD}.Release|x86.ActiveCfg = Release|Any CPU
		{E769594D-0625-4928-8061-481BF7FFFCFD}.Release|x86.Build.0 = Release|Any CPU
		{0943FA25-9B89-4023-81DE-4A320B88EA7F}.Debug|Any CPU.ActiveCfg = Debug|Any CPU
		{0943FA25-9B89-4023-81DE-4A320B88EA7F}.Debug|Any CPU.Build.0 = Debug|Any CPU
		{0943FA25-9B89-4023-81DE-4A320B88EA7F}.Debug|x64.ActiveCfg = Debug|Any CPU
		{0943FA25-9B89-4023-81DE-4A320B88EA7F}.Debug|x64.Build.0 = Debug|Any CPU
		{0943FA25-9B89-4023-81DE-4A320B88EA7F}.Debug|x86.ActiveCfg = Debug|Any CPU
		{0943FA25-9B89-4023-81DE-4A320B88EA7F}.Debug|x86.Build.0 = Debug|Any CPU
		{0943FA25-9B89-4023-81DE-4A320B88EA7F}.Release|Any CPU.ActiveCfg = Release|Any CPU
		{0943FA25-9B89-4023-81DE-4A320B88EA7F}.Release|Any CPU.Build.0 = Release|Any CPU
		{0943FA25-9B89-4023-81DE-4A320B88EA7F}.Release|x64.ActiveCfg = Release|Any CPU
		{0943FA25-9B89-4023-81DE-4A320B88EA7F}.Release|x64.Build.0 = Release|Any CPU
		{0943FA25-9B89-4023-81DE-4A320B88EA7F}.Release|x86.ActiveCfg = Release|Any CPU
		{0943FA25-9B89-4023-81DE-4A320B88EA7F}.Release|x86.Build.0 = Release|Any CPU
		{B5267E8A-DB8F-44C3-9046-69573A75B104}.Debug|Any CPU.ActiveCfg = Debug|Any CPU
		{B5267E8A-DB8F-44C3-9046-69573A75B104}.Debug|Any CPU.Build.0 = Debug|Any CPU
		{B5267E8A-DB8F-44C3-9046-69573A75B104}.Debug|x64.ActiveCfg = Debug|Any CPU
		{B5267E8A-DB8F-44C3-9046-69573A75B104}.Debug|x64.Build.0 = Debug|Any CPU
		{B5267E8A-DB8F-44C3-9046-69573A75B104}.Debug|x86.ActiveCfg = Debug|Any CPU
		{B5267E8A-DB8F-44C3-9046-69573A75B104}.Debug|x86.Build.0 = Debug|Any CPU
		{B5267E8A-DB8F-44C3-9046-69573A75B104}.Release|Any CPU.ActiveCfg = Release|Any CPU
		{B5267E8A-DB8F-44C3-9046-69573A75B104}.Release|Any CPU.Build.0 = Release|Any CPU
		{B5267E8A-DB8F-44C3-9046-69573A75B104}.Release|x64.ActiveCfg = Release|Any CPU
		{B5267E8A-DB8F-44C3-9046-69573A75B104}.Release|x64.Build.0 = Release|Any CPU
		{B5267E8A-DB8F-44C3-9046-69573A75B104}.Release|x86.ActiveCfg = Release|Any CPU
		{B5267E8A-DB8F-44C3-9046-69573A75B104}.Release|x86.Build.0 = Release|Any CPU
		{89A34C62-12D6-4505-AE09-9ECC7B5D07D6}.Debug|Any CPU.ActiveCfg = Debug|Any CPU
		{89A34C62-12D6-4505-AE09-9ECC7B5D07D6}.Debug|Any CPU.Build.0 = Debug|Any CPU
		{89A34C62-12D6-4505-AE09-9ECC7B5D07D6}.Debug|x64.ActiveCfg = Debug|Any CPU
		{89A34C62-12D6-4505-AE09-9ECC7B5D07D6}.Debug|x64.Build.0 = Debug|Any CPU
		{89A34C62-12D6-4505-AE09-9ECC7B5D07D6}.Debug|x86.ActiveCfg = Debug|Any CPU
		{89A34C62-12D6-4505-AE09-9ECC7B5D07D6}.Debug|x86.Build.0 = Debug|Any CPU
		{89A34C62-12D6-4505-AE09-9ECC7B5D07D6}.Release|Any CPU.ActiveCfg = Release|Any CPU
		{89A34C62-12D6-4505-AE09-9ECC7B5D07D6}.Release|Any CPU.Build.0 = Release|Any CPU
		{89A34C62-12D6-4505-AE09-9ECC7B5D07D6}.Release|x64.ActiveCfg = Release|Any CPU
		{89A34C62-12D6-4505-AE09-9ECC7B5D07D6}.Release|x64.Build.0 = Release|Any CPU
		{89A34C62-12D6-4505-AE09-9ECC7B5D07D6}.Release|x86.ActiveCfg = Release|Any CPU
		{89A34C62-12D6-4505-AE09-9ECC7B5D07D6}.Release|x86.Build.0 = Release|Any CPU
		{FF17E3C0-79EB-4585-978F-D77CEFF70BD5}.Debug|Any CPU.ActiveCfg = Debug|Any CPU
		{FF17E3C0-79EB-4585-978F-D77CEFF70BD5}.Debug|Any CPU.Build.0 = Debug|Any CPU
		{FF17E3C0-79EB-4585-978F-D77CEFF70BD5}.Debug|x64.ActiveCfg = Debug|Any CPU
		{FF17E3C0-79EB-4585-978F-D77CEFF70BD5}.Debug|x64.Build.0 = Debug|Any CPU
		{FF17E3C0-79EB-4585-978F-D77CEFF70BD5}.Debug|x86.ActiveCfg = Debug|Any CPU
		{FF17E3C0-79EB-4585-978F-D77CEFF70BD5}.Debug|x86.Build.0 = Debug|Any CPU
		{FF17E3C0-79EB-4585-978F-D77CEFF70BD5}.Release|Any CPU.ActiveCfg = Release|Any CPU
		{FF17E3C0-79EB-4585-978F-D77CEFF70BD5}.Release|Any CPU.Build.0 = Release|Any CPU
		{FF17E3C0-79EB-4585-978F-D77CEFF70BD5}.Release|x64.ActiveCfg = Release|Any CPU
		{FF17E3C0-79EB-4585-978F-D77CEFF70BD5}.Release|x64.Build.0 = Release|Any CPU
		{FF17E3C0-79EB-4585-978F-D77CEFF70BD5}.Release|x86.ActiveCfg = Release|Any CPU
		{FF17E3C0-79EB-4585-978F-D77CEFF70BD5}.Release|x86.Build.0 = Release|Any CPU
		{940C6D7A-3D79-4CF1-AC43-1B059A389296}.Debug|Any CPU.ActiveCfg = Debug|Any CPU
		{940C6D7A-3D79-4CF1-AC43-1B059A389296}.Debug|Any CPU.Build.0 = Debug|Any CPU
		{940C6D7A-3D79-4CF1-AC43-1B059A389296}.Debug|x64.ActiveCfg = Debug|Any CPU
		{940C6D7A-3D79-4CF1-AC43-1B059A389296}.Debug|x64.Build.0 = Debug|Any CPU
		{940C6D7A-3D79-4CF1-AC43-1B059A389296}.Debug|x86.ActiveCfg = Debug|Any CPU
		{940C6D7A-3D79-4CF1-AC43-1B059A389296}.Debug|x86.Build.0 = Debug|Any CPU
		{940C6D7A-3D79-4CF1-AC43-1B059A389296}.Release|Any CPU.ActiveCfg = Release|Any CPU
		{940C6D7A-3D79-4CF1-AC43-1B059A389296}.Release|Any CPU.Build.0 = Release|Any CPU
		{940C6D7A-3D79-4CF1-AC43-1B059A389296}.Release|x64.ActiveCfg = Release|Any CPU
		{940C6D7A-3D79-4CF1-AC43-1B059A389296}.Release|x64.Build.0 = Release|Any CPU
		{940C6D7A-3D79-4CF1-AC43-1B059A389296}.Release|x86.ActiveCfg = Release|Any CPU
		{940C6D7A-3D79-4CF1-AC43-1B059A389296}.Release|x86.Build.0 = Release|Any CPU
		{908BDFD7-2B26-4357-AF0A-7276E0790E1B}.Debug|Any CPU.ActiveCfg = Debug|Any CPU
		{908BDFD7-2B26-4357-AF0A-7276E0790E1B}.Debug|Any CPU.Build.0 = Debug|Any CPU
		{908BDFD7-2B26-4357-AF0A-7276E0790E1B}.Debug|x64.ActiveCfg = Debug|Any CPU
		{908BDFD7-2B26-4357-AF0A-7276E0790E1B}.Debug|x64.Build.0 = Debug|Any CPU
		{908BDFD7-2B26-4357-AF0A-7276E0790E1B}.Debug|x86.ActiveCfg = Debug|Any CPU
		{908BDFD7-2B26-4357-AF0A-7276E0790E1B}.Debug|x86.Build.0 = Debug|Any CPU
		{908BDFD7-2B26-4357-AF0A-7276E0790E1B}.Release|Any CPU.ActiveCfg = Release|Any CPU
		{908BDFD7-2B26-4357-AF0A-7276E0790E1B}.Release|Any CPU.Build.0 = Release|Any CPU
		{908BDFD7-2B26-4357-AF0A-7276E0790E1B}.Release|x64.ActiveCfg = Release|Any CPU
		{908BDFD7-2B26-4357-AF0A-7276E0790E1B}.Release|x64.Build.0 = Release|Any CPU
		{908BDFD7-2B26-4357-AF0A-7276E0790E1B}.Release|x86.ActiveCfg = Release|Any CPU
		{908BDFD7-2B26-4357-AF0A-7276E0790E1B}.Release|x86.Build.0 = Release|Any CPU
		{B0B7D5C8-2331-41D2-A5AE-37D51063ED79}.Debug|Any CPU.ActiveCfg = Debug|Any CPU
		{B0B7D5C8-2331-41D2-A5AE-37D51063ED79}.Debug|Any CPU.Build.0 = Debug|Any CPU
		{B0B7D5C8-2331-41D2-A5AE-37D51063ED79}.Debug|x64.ActiveCfg = Debug|Any CPU
		{B0B7D5C8-2331-41D2-A5AE-37D51063ED79}.Debug|x64.Build.0 = Debug|Any CPU
		{B0B7D5C8-2331-41D2-A5AE-37D51063ED79}.Debug|x86.ActiveCfg = Debug|Any CPU
		{B0B7D5C8-2331-41D2-A5AE-37D51063ED79}.Debug|x86.Build.0 = Debug|Any CPU
		{B0B7D5C8-2331-41D2-A5AE-37D51063ED79}.Release|Any CPU.ActiveCfg = Release|Any CPU
		{B0B7D5C8-2331-41D2-A5AE-37D51063ED79}.Release|Any CPU.Build.0 = Release|Any CPU
		{B0B7D5C8-2331-41D2-A5AE-37D51063ED79}.Release|x64.ActiveCfg = Release|Any CPU
		{B0B7D5C8-2331-41D2-A5AE-37D51063ED79}.Release|x64.Build.0 = Release|Any CPU
		{B0B7D5C8-2331-41D2-A5AE-37D51063ED79}.Release|x86.ActiveCfg = Release|Any CPU
		{B0B7D5C8-2331-41D2-A5AE-37D51063ED79}.Release|x86.Build.0 = Release|Any CPU
		{CA1BFB13-0998-4474-A9FE-D3250496E51C}.Debug|Any CPU.ActiveCfg = Debug|Any CPU
		{CA1BFB13-0998-4474-A9FE-D3250496E51C}.Debug|Any CPU.Build.0 = Debug|Any CPU
		{CA1BFB13-0998-4474-A9FE-D3250496E51C}.Debug|x64.ActiveCfg = Debug|Any CPU
		{CA1BFB13-0998-4474-A9FE-D3250496E51C}.Debug|x64.Build.0 = Debug|Any CPU
		{CA1BFB13-0998-4474-A9FE-D3250496E51C}.Debug|x86.ActiveCfg = Debug|Any CPU
		{CA1BFB13-0998-4474-A9FE-D3250496E51C}.Debug|x86.Build.0 = Debug|Any CPU
		{CA1BFB13-0998-4474-A9FE-D3250496E51C}.Release|Any CPU.ActiveCfg = Release|Any CPU
		{CA1BFB13-0998-4474-A9FE-D3250496E51C}.Release|Any CPU.Build.0 = Release|Any CPU
		{CA1BFB13-0998-4474-A9FE-D3250496E51C}.Release|x64.ActiveCfg = Release|Any CPU
		{CA1BFB13-0998-4474-A9FE-D3250496E51C}.Release|x64.Build.0 = Release|Any CPU
		{CA1BFB13-0998-4474-A9FE-D3250496E51C}.Release|x86.ActiveCfg = Release|Any CPU
		{CA1BFB13-0998-4474-A9FE-D3250496E51C}.Release|x86.Build.0 = Release|Any CPU
		{1E346E33-D705-45EC-9281-6A468D710F6A}.Debug|Any CPU.ActiveCfg = Debug|Any CPU
		{1E346E33-D705-45EC-9281-6A468D710F6A}.Debug|Any CPU.Build.0 = Debug|Any CPU
		{1E346E33-D705-45EC-9281-6A468D710F6A}.Debug|x64.ActiveCfg = Debug|Any CPU
		{1E346E33-D705-45EC-9281-6A468D710F6A}.Debug|x64.Build.0 = Debug|Any CPU
		{1E346E33-D705-45EC-9281-6A468D710F6A}.Debug|x86.ActiveCfg = Debug|Any CPU
		{1E346E33-D705-45EC-9281-6A468D710F6A}.Debug|x86.Build.0 = Debug|Any CPU
		{1E346E33-D705-45EC-9281-6A468D710F6A}.Release|Any CPU.ActiveCfg = Release|Any CPU
		{1E346E33-D705-45EC-9281-6A468D710F6A}.Release|Any CPU.Build.0 = Release|Any CPU
		{1E346E33-D705-45EC-9281-6A468D710F6A}.Release|x64.ActiveCfg = Release|Any CPU
		{1E346E33-D705-45EC-9281-6A468D710F6A}.Release|x64.Build.0 = Release|Any CPU
		{1E346E33-D705-45EC-9281-6A468D710F6A}.Release|x86.ActiveCfg = Release|Any CPU
		{1E346E33-D705-45EC-9281-6A468D710F6A}.Release|x86.Build.0 = Release|Any CPU
		{5BC8F8EF-64C6-4628-948B-2399AC407FAF}.Debug|Any CPU.ActiveCfg = Debug|Any CPU
		{5BC8F8EF-64C6-4628-948B-2399AC407FAF}.Debug|Any CPU.Build.0 = Debug|Any CPU
		{5BC8F8EF-64C6-4628-948B-2399AC407FAF}.Debug|x64.ActiveCfg = Debug|Any CPU
		{5BC8F8EF-64C6-4628-948B-2399AC407FAF}.Debug|x64.Build.0 = Debug|Any CPU
		{5BC8F8EF-64C6-4628-948B-2399AC407FAF}.Debug|x86.ActiveCfg = Debug|Any CPU
		{5BC8F8EF-64C6-4628-948B-2399AC407FAF}.Debug|x86.Build.0 = Debug|Any CPU
		{5BC8F8EF-64C6-4628-948B-2399AC407FAF}.Release|Any CPU.ActiveCfg = Release|Any CPU
		{5BC8F8EF-64C6-4628-948B-2399AC407FAF}.Release|Any CPU.Build.0 = Release|Any CPU
		{5BC8F8EF-64C6-4628-948B-2399AC407FAF}.Release|x64.ActiveCfg = Release|Any CPU
		{5BC8F8EF-64C6-4628-948B-2399AC407FAF}.Release|x64.Build.0 = Release|Any CPU
		{5BC8F8EF-64C6-4628-948B-2399AC407FAF}.Release|x86.ActiveCfg = Release|Any CPU
		{5BC8F8EF-64C6-4628-948B-2399AC407FAF}.Release|x86.Build.0 = Release|Any CPU
		{3A54539E-6EE3-490C-A9B6-52ECE36705D6}.Debug|Any CPU.ActiveCfg = Debug|Any CPU
		{3A54539E-6EE3-490C-A9B6-52ECE36705D6}.Debug|Any CPU.Build.0 = Debug|Any CPU
		{3A54539E-6EE3-490C-A9B6-52ECE36705D6}.Debug|x64.ActiveCfg = Debug|Any CPU
		{3A54539E-6EE3-490C-A9B6-52ECE36705D6}.Debug|x64.Build.0 = Debug|Any CPU
		{3A54539E-6EE3-490C-A9B6-52ECE36705D6}.Debug|x86.ActiveCfg = Debug|Any CPU
		{3A54539E-6EE3-490C-A9B6-52ECE36705D6}.Debug|x86.Build.0 = Debug|Any CPU
		{3A54539E-6EE3-490C-A9B6-52ECE36705D6}.Release|Any CPU.ActiveCfg = Release|Any CPU
		{3A54539E-6EE3-490C-A9B6-52ECE36705D6}.Release|Any CPU.Build.0 = Release|Any CPU
		{3A54539E-6EE3-490C-A9B6-52ECE36705D6}.Release|x64.ActiveCfg = Release|Any CPU
		{3A54539E-6EE3-490C-A9B6-52ECE36705D6}.Release|x64.Build.0 = Release|Any CPU
		{3A54539E-6EE3-490C-A9B6-52ECE36705D6}.Release|x86.ActiveCfg = Release|Any CPU
		{3A54539E-6EE3-490C-A9B6-52ECE36705D6}.Release|x86.Build.0 = Release|Any CPU
		{CBBDE812-BAD5-4A2E-9BC5-B93020EB1D02}.Debug|Any CPU.ActiveCfg = Debug|Any CPU
		{CBBDE812-BAD5-4A2E-9BC5-B93020EB1D02}.Debug|Any CPU.Build.0 = Debug|Any CPU
		{CBBDE812-BAD5-4A2E-9BC5-B93020EB1D02}.Debug|x64.ActiveCfg = Debug|Any CPU
		{CBBDE812-BAD5-4A2E-9BC5-B93020EB1D02}.Debug|x64.Build.0 = Debug|Any CPU
		{CBBDE812-BAD5-4A2E-9BC5-B93020EB1D02}.Debug|x86.ActiveCfg = Debug|Any CPU
		{CBBDE812-BAD5-4A2E-9BC5-B93020EB1D02}.Debug|x86.Build.0 = Debug|Any CPU
		{CBBDE812-BAD5-4A2E-9BC5-B93020EB1D02}.Release|Any CPU.ActiveCfg = Release|Any CPU
		{CBBDE812-BAD5-4A2E-9BC5-B93020EB1D02}.Release|Any CPU.Build.0 = Release|Any CPU
		{CBBDE812-BAD5-4A2E-9BC5-B93020EB1D02}.Release|x64.ActiveCfg = Release|Any CPU
		{CBBDE812-BAD5-4A2E-9BC5-B93020EB1D02}.Release|x64.Build.0 = Release|Any CPU
		{CBBDE812-BAD5-4A2E-9BC5-B93020EB1D02}.Release|x86.ActiveCfg = Release|Any CPU
		{CBBDE812-BAD5-4A2E-9BC5-B93020EB1D02}.Release|x86.Build.0 = Release|Any CPU
		{D24EAA1F-99E9-4FAE-8FF8-7F2185471628}.Debug|Any CPU.ActiveCfg = Debug|Any CPU
		{D24EAA1F-99E9-4FAE-8FF8-7F2185471628}.Debug|Any CPU.Build.0 = Debug|Any CPU
		{D24EAA1F-99E9-4FAE-8FF8-7F2185471628}.Debug|x64.ActiveCfg = Debug|Any CPU
		{D24EAA1F-99E9-4FAE-8FF8-7F2185471628}.Debug|x64.Build.0 = Debug|Any CPU
		{D24EAA1F-99E9-4FAE-8FF8-7F2185471628}.Debug|x86.ActiveCfg = Debug|Any CPU
		{D24EAA1F-99E9-4FAE-8FF8-7F2185471628}.Debug|x86.Build.0 = Debug|Any CPU
		{D24EAA1F-99E9-4FAE-8FF8-7F2185471628}.Release|Any CPU.ActiveCfg = Release|Any CPU
		{D24EAA1F-99E9-4FAE-8FF8-7F2185471628}.Release|Any CPU.Build.0 = Release|Any CPU
		{D24EAA1F-99E9-4FAE-8FF8-7F2185471628}.Release|x64.ActiveCfg = Release|Any CPU
		{D24EAA1F-99E9-4FAE-8FF8-7F2185471628}.Release|x64.Build.0 = Release|Any CPU
		{D24EAA1F-99E9-4FAE-8FF8-7F2185471628}.Release|x86.ActiveCfg = Release|Any CPU
		{D24EAA1F-99E9-4FAE-8FF8-7F2185471628}.Release|x86.Build.0 = Release|Any CPU
		{29874E0E-B52D-4417-9F10-FD95A52328C5}.Debug|Any CPU.ActiveCfg = Debug|Any CPU
		{29874E0E-B52D-4417-9F10-FD95A52328C5}.Debug|Any CPU.Build.0 = Debug|Any CPU
		{29874E0E-B52D-4417-9F10-FD95A52328C5}.Debug|x64.ActiveCfg = Debug|Any CPU
		{29874E0E-B52D-4417-9F10-FD95A52328C5}.Debug|x64.Build.0 = Debug|Any CPU
		{29874E0E-B52D-4417-9F10-FD95A52328C5}.Debug|x86.ActiveCfg = Debug|Any CPU
		{29874E0E-B52D-4417-9F10-FD95A52328C5}.Debug|x86.Build.0 = Debug|Any CPU
		{29874E0E-B52D-4417-9F10-FD95A52328C5}.Release|Any CPU.ActiveCfg = Release|Any CPU
		{29874E0E-B52D-4417-9F10-FD95A52328C5}.Release|Any CPU.Build.0 = Release|Any CPU
		{29874E0E-B52D-4417-9F10-FD95A52328C5}.Release|x64.ActiveCfg = Release|Any CPU
		{29874E0E-B52D-4417-9F10-FD95A52328C5}.Release|x64.Build.0 = Release|Any CPU
		{29874E0E-B52D-4417-9F10-FD95A52328C5}.Release|x86.ActiveCfg = Release|Any CPU
		{29874E0E-B52D-4417-9F10-FD95A52328C5}.Release|x86.Build.0 = Release|Any CPU
		{7771F484-0FB5-4BFC-AE36-2C93BBF231B9}.Debug|Any CPU.ActiveCfg = Debug|Any CPU
		{7771F484-0FB5-4BFC-AE36-2C93BBF231B9}.Debug|Any CPU.Build.0 = Debug|Any CPU
		{7771F484-0FB5-4BFC-AE36-2C93BBF231B9}.Debug|x64.ActiveCfg = Debug|Any CPU
		{7771F484-0FB5-4BFC-AE36-2C93BBF231B9}.Debug|x64.Build.0 = Debug|Any CPU
		{7771F484-0FB5-4BFC-AE36-2C93BBF231B9}.Debug|x86.ActiveCfg = Debug|Any CPU
		{7771F484-0FB5-4BFC-AE36-2C93BBF231B9}.Debug|x86.Build.0 = Debug|Any CPU
		{7771F484-0FB5-4BFC-AE36-2C93BBF231B9}.Release|Any CPU.ActiveCfg = Release|Any CPU
		{7771F484-0FB5-4BFC-AE36-2C93BBF231B9}.Release|Any CPU.Build.0 = Release|Any CPU
		{7771F484-0FB5-4BFC-AE36-2C93BBF231B9}.Release|x64.ActiveCfg = Release|Any CPU
		{7771F484-0FB5-4BFC-AE36-2C93BBF231B9}.Release|x64.Build.0 = Release|Any CPU
		{7771F484-0FB5-4BFC-AE36-2C93BBF231B9}.Release|x86.ActiveCfg = Release|Any CPU
		{7771F484-0FB5-4BFC-AE36-2C93BBF231B9}.Release|x86.Build.0 = Release|Any CPU
		{7EB7794C-F48A-44D7-A336-42FE4039EC0E}.Debug|Any CPU.ActiveCfg = Debug|Any CPU
		{7EB7794C-F48A-44D7-A336-42FE4039EC0E}.Debug|Any CPU.Build.0 = Debug|Any CPU
		{7EB7794C-F48A-44D7-A336-42FE4039EC0E}.Debug|x64.ActiveCfg = Debug|Any CPU
		{7EB7794C-F48A-44D7-A336-42FE4039EC0E}.Debug|x64.Build.0 = Debug|Any CPU
		{7EB7794C-F48A-44D7-A336-42FE4039EC0E}.Debug|x86.ActiveCfg = Debug|Any CPU
		{7EB7794C-F48A-44D7-A336-42FE4039EC0E}.Debug|x86.Build.0 = Debug|Any CPU
		{7EB7794C-F48A-44D7-A336-42FE4039EC0E}.Release|Any CPU.ActiveCfg = Release|Any CPU
		{7EB7794C-F48A-44D7-A336-42FE4039EC0E}.Release|Any CPU.Build.0 = Release|Any CPU
		{7EB7794C-F48A-44D7-A336-42FE4039EC0E}.Release|x64.ActiveCfg = Release|Any CPU
		{7EB7794C-F48A-44D7-A336-42FE4039EC0E}.Release|x64.Build.0 = Release|Any CPU
		{7EB7794C-F48A-44D7-A336-42FE4039EC0E}.Release|x86.ActiveCfg = Release|Any CPU
		{7EB7794C-F48A-44D7-A336-42FE4039EC0E}.Release|x86.Build.0 = Release|Any CPU
		{DD465CAE-8009-4EFD-9D68-40C768452D3D}.Debug|Any CPU.ActiveCfg = Debug|Any CPU
		{DD465CAE-8009-4EFD-9D68-40C768452D3D}.Debug|Any CPU.Build.0 = Debug|Any CPU
		{DD465CAE-8009-4EFD-9D68-40C768452D3D}.Debug|x64.ActiveCfg = Debug|Any CPU
		{DD465CAE-8009-4EFD-9D68-40C768452D3D}.Debug|x64.Build.0 = Debug|Any CPU
		{DD465CAE-8009-4EFD-9D68-40C768452D3D}.Debug|x86.ActiveCfg = Debug|Any CPU
		{DD465CAE-8009-4EFD-9D68-40C768452D3D}.Debug|x86.Build.0 = Debug|Any CPU
		{DD465CAE-8009-4EFD-9D68-40C768452D3D}.Release|Any CPU.ActiveCfg = Release|Any CPU
		{DD465CAE-8009-4EFD-9D68-40C768452D3D}.Release|Any CPU.Build.0 = Release|Any CPU
		{DD465CAE-8009-4EFD-9D68-40C768452D3D}.Release|x64.ActiveCfg = Release|Any CPU
		{DD465CAE-8009-4EFD-9D68-40C768452D3D}.Release|x64.Build.0 = Release|Any CPU
		{DD465CAE-8009-4EFD-9D68-40C768452D3D}.Release|x86.ActiveCfg = Release|Any CPU
		{DD465CAE-8009-4EFD-9D68-40C768452D3D}.Release|x86.Build.0 = Release|Any CPU
		{05809D3C-33BC-4224-A2DE-0C1C0D9F9C08}.Debug|Any CPU.ActiveCfg = Debug|Any CPU
		{05809D3C-33BC-4224-A2DE-0C1C0D9F9C08}.Debug|Any CPU.Build.0 = Debug|Any CPU
		{05809D3C-33BC-4224-A2DE-0C1C0D9F9C08}.Debug|x64.ActiveCfg = Debug|Any CPU
		{05809D3C-33BC-4224-A2DE-0C1C0D9F9C08}.Debug|x64.Build.0 = Debug|Any CPU
		{05809D3C-33BC-4224-A2DE-0C1C0D9F9C08}.Debug|x86.ActiveCfg = Debug|Any CPU
		{05809D3C-33BC-4224-A2DE-0C1C0D9F9C08}.Debug|x86.Build.0 = Debug|Any CPU
		{05809D3C-33BC-4224-A2DE-0C1C0D9F9C08}.Release|Any CPU.ActiveCfg = Release|Any CPU
		{05809D3C-33BC-4224-A2DE-0C1C0D9F9C08}.Release|Any CPU.Build.0 = Release|Any CPU
		{05809D3C-33BC-4224-A2DE-0C1C0D9F9C08}.Release|x64.ActiveCfg = Release|Any CPU
		{05809D3C-33BC-4224-A2DE-0C1C0D9F9C08}.Release|x64.Build.0 = Release|Any CPU
		{05809D3C-33BC-4224-A2DE-0C1C0D9F9C08}.Release|x86.ActiveCfg = Release|Any CPU
		{05809D3C-33BC-4224-A2DE-0C1C0D9F9C08}.Release|x86.Build.0 = Release|Any CPU
	EndGlobalSection
	GlobalSection(SolutionProperties) = preSolution
		HideSolutionNode = FALSE
	EndGlobalSection
	GlobalSection(NestedProjects) = preSolution
		{1DB4FC79-FCB0-4186-AB90-693334475938} = {C2F8FF63-7A48-4179-A720-86206C42F496}
		{BE9DCAED-271E-49EB-B2CC-BB4D727AFA21} = {C2F8FF63-7A48-4179-A720-86206C42F496}
		{E769594D-0625-4928-8061-481BF7FFFCFD} = {FCF39E66-4EE0-4265-B8D6-0AD721AF138C}
		{0943FA25-9B89-4023-81DE-4A320B88EA7F} = {8EA18457-86E2-4D2D-AC9E-2552FDC9676F}
		{B5267E8A-DB8F-44C3-9046-69573A75B104} = {C2F8FF63-7A48-4179-A720-86206C42F496}
		{89A34C62-12D6-4505-AE09-9ECC7B5D07D6} = {C2F8FF63-7A48-4179-A720-86206C42F496}
		{FF17E3C0-79EB-4585-978F-D77CEFF70BD5} = {C2F8FF63-7A48-4179-A720-86206C42F496}
		{940C6D7A-3D79-4CF1-AC43-1B059A389296} = {C2F8FF63-7A48-4179-A720-86206C42F496}
		{908BDFD7-2B26-4357-AF0A-7276E0790E1B} = {C2F8FF63-7A48-4179-A720-86206C42F496}
		{B0B7D5C8-2331-41D2-A5AE-37D51063ED79} = {C2F8FF63-7A48-4179-A720-86206C42F496}
		{CA1BFB13-0998-4474-A9FE-D3250496E51C} = {C2F8FF63-7A48-4179-A720-86206C42F496}
		{1E346E33-D705-45EC-9281-6A468D710F6A} = {C2F8FF63-7A48-4179-A720-86206C42F496}
		{5BC8F8EF-64C6-4628-948B-2399AC407FAF} = {C2F8FF63-7A48-4179-A720-86206C42F496}
		{3A54539E-6EE3-490C-A9B6-52ECE36705D6} = {C2F8FF63-7A48-4179-A720-86206C42F496}
		{CBBDE812-BAD5-4A2E-9BC5-B93020EB1D02} = {C2F8FF63-7A48-4179-A720-86206C42F496}
		{D24EAA1F-99E9-4FAE-8FF8-7F2185471628} = {C2F8FF63-7A48-4179-A720-86206C42F496}
		{29874E0E-B52D-4417-9F10-FD95A52328C5} = {C2F8FF63-7A48-4179-A720-86206C42F496}
		{7771F484-0FB5-4BFC-AE36-2C93BBF231B9} = {C2F8FF63-7A48-4179-A720-86206C42F496}
		{7EB7794C-F48A-44D7-A336-42FE4039EC0E} = {C2F8FF63-7A48-4179-A720-86206C42F496}
		{DD465CAE-8009-4EFD-9D68-40C768452D3D} = {C2F8FF63-7A48-4179-A720-86206C42F496}
		{05809D3C-33BC-4224-A2DE-0C1C0D9F9C08} = {C2F8FF63-7A48-4179-A720-86206C42F496}
	EndGlobalSection
	GlobalSection(ExtensibilityGlobals) = postSolution
		SolutionGuid = {2EB87445-E263-4E1E-89CC-3839170028E5}
	EndGlobalSection
EndGlobal
