
Microsoft Visual Studio Solution File, Format Version 12.00
# Visual Studio 15
VisualStudioVersion = 15.0.27130.2036
MinimumVisualStudioVersion = 10.0.40219.1
Project("{2150E333-8FDC-42A3-9474-1A3956D46DE8}") = ".paket", ".paket", "{ED752CB6-0C58-4520-8091-2630647230C6}"
	ProjectSection(SolutionItems) = preProject
		paket.dependencies = paket.dependencies
	EndProjectSection
EndProject
Project("{2150E333-8FDC-42A3-9474-1A3956D46DE8}") = "src", "src", "{C2F8FF63-7A48-4179-A720-86206C42F496}"
EndProject
Project("{2150E333-8FDC-42A3-9474-1A3956D46DE8}") = "test", "test", "{8EA18457-86E2-4D2D-AC9E-2552FDC9676F}"
EndProject
Project("{9A19103F-16F7-4668-BE54-9A1E7A4F7556}") = "RoadRegistry.BackOffice", "src\RoadRegistry.BackOffice\RoadRegistry.BackOffice.csproj", "{BE9DCAED-271E-49EB-B2CC-BB4D727AFA21}"
EndProject
Project("{9A19103F-16F7-4668-BE54-9A1E7A4F7556}") = "RoadRegistry.BackOffice.Api", "src\RoadRegistry.BackOffice.Api\RoadRegistry.BackOffice.Api.csproj", "{FF17E3C0-79EB-4585-978F-D77CEFF70BD5}"
EndProject
Project("{FAE04EC0-301F-11D3-BF4B-00C04F79EFBC}") = "RoadRegistry.BackOffice.Schema", "src\RoadRegistry.BackOffice.Schema\RoadRegistry.BackOffice.Schema.csproj", "{940C6D7A-3D79-4CF1-AC43-1B059A389296}"
EndProject
Project("{9A19103F-16F7-4668-BE54-9A1E7A4F7556}") = "RoadRegistry.BackOffice.Projections", "src\RoadRegistry.BackOffice.Projections\RoadRegistry.BackOffice.Projections.csproj", "{1DB4FC79-FCB0-4186-AB90-693334475938}"
EndProject
Project("{9A19103F-16F7-4668-BE54-9A1E7A4F7556}") = "RoadRegistry.Structurizr", "docs\RoadRegistry.Structurizr\RoadRegistry.Structurizr.csproj", "{E769594D-0625-4928-8061-481BF7FFFCFD}"
EndProject
Project("{2150E333-8FDC-42A3-9474-1A3956D46DE8}") = "docs", "docs", "{FCF39E66-4EE0-4265-B8D6-0AD721AF138C}"
EndProject
Project("{9A19103F-16F7-4668-BE54-9A1E7A4F7556}") = "RoadRegistry.BackOffice.Tests", "test\RoadRegistry.BackOffice.Tests\RoadRegistry.BackOffice.Tests.csproj", "{0943FA25-9B89-4023-81DE-4A320B88EA7F}"
EndProject
Project("{2150E333-8FDC-42A3-9474-1A3956D46DE8}") = "Solution Items", "Solution Items", "{1710F546-49E2-4BAA-A8AB-655D55AD91CF}"
	ProjectSection(SolutionItems) = preProject
		build.fsx = build.fsx
		docker_login.sh = docker_login.sh
		install_deps.sh = install_deps.sh
		README = README
		bitbucket-pipelines.yml = bitbucket-pipelines.yml
		docker-compose.yml = docker-compose.yml
	EndProjectSection
EndProject
Project("{9A19103F-16F7-4668-BE54-9A1E7A4F7556}") = "RoadRegistry.LegacyStreamExtraction", "src\RoadRegistry.LegacyStreamExtraction\RoadRegistry.LegacyStreamExtraction.csproj", "{B5267E8A-DB8F-44C3-9046-69573A75B104}"
EndProject
Project("{9A19103F-16F7-4668-BE54-9A1E7A4F7556}") = "RoadRegistry.LegacyStreamLoader", "src\RoadRegistry.LegacyStreamLoader\RoadRegistry.LegacyStreamLoader.csproj", "{89A34C62-12D6-4505-AE09-9ECC7B5D07D6}"
EndProject
Project("{9A19103F-16F7-4668-BE54-9A1E7A4F7556}") = "RoadRegistry.UI", "src\RoadRegistry.UI\RoadRegistry.UI.csproj", "{A728F9A0-76BB-4659-AB57-9F591D66618A}"
EndProject
Global
	GlobalSection(SolutionConfigurationPlatforms) = preSolution
		Debug|Any CPU = Debug|Any CPU
		Debug|x64 = Debug|x64
		Debug|x86 = Debug|x86
		Release|Any CPU = Release|Any CPU
		Release|x64 = Release|x64
		Release|x86 = Release|x86
	EndGlobalSection
	GlobalSection(ProjectConfigurationPlatforms) = postSolution
		{1DB4FC79-FCB0-4186-AB90-693334475938}.Debug|Any CPU.ActiveCfg = Debug|Any CPU
		{1DB4FC79-FCB0-4186-AB90-693334475938}.Debug|Any CPU.Build.0 = Debug|Any CPU
		{1DB4FC79-FCB0-4186-AB90-693334475938}.Debug|x64.ActiveCfg = Debug|Any CPU
		{1DB4FC79-FCB0-4186-AB90-693334475938}.Debug|x64.Build.0 = Debug|Any CPU
		{1DB4FC79-FCB0-4186-AB90-693334475938}.Debug|x86.ActiveCfg = Debug|Any CPU
		{1DB4FC79-FCB0-4186-AB90-693334475938}.Debug|x86.Build.0 = Debug|Any CPU
		{1DB4FC79-FCB0-4186-AB90-693334475938}.Release|Any CPU.ActiveCfg = Release|Any CPU
		{1DB4FC79-FCB0-4186-AB90-693334475938}.Release|Any CPU.Build.0 = Release|Any CPU
		{1DB4FC79-FCB0-4186-AB90-693334475938}.Release|x64.ActiveCfg = Release|Any CPU
		{1DB4FC79-FCB0-4186-AB90-693334475938}.Release|x64.Build.0 = Release|Any CPU
		{1DB4FC79-FCB0-4186-AB90-693334475938}.Release|x86.ActiveCfg = Release|Any CPU
		{1DB4FC79-FCB0-4186-AB90-693334475938}.Release|x86.Build.0 = Release|Any CPU
		{BE9DCAED-271E-49EB-B2CC-BB4D727AFA21}.Debug|Any CPU.ActiveCfg = Debug|Any CPU
		{BE9DCAED-271E-49EB-B2CC-BB4D727AFA21}.Debug|Any CPU.Build.0 = Debug|Any CPU
		{BE9DCAED-271E-49EB-B2CC-BB4D727AFA21}.Debug|x64.ActiveCfg = Debug|Any CPU
		{BE9DCAED-271E-49EB-B2CC-BB4D727AFA21}.Debug|x64.Build.0 = Debug|Any CPU
		{BE9DCAED-271E-49EB-B2CC-BB4D727AFA21}.Debug|x86.ActiveCfg = Debug|Any CPU
		{BE9DCAED-271E-49EB-B2CC-BB4D727AFA21}.Debug|x86.Build.0 = Debug|Any CPU
		{BE9DCAED-271E-49EB-B2CC-BB4D727AFA21}.Release|Any CPU.ActiveCfg = Release|Any CPU
		{BE9DCAED-271E-49EB-B2CC-BB4D727AFA21}.Release|Any CPU.Build.0 = Release|Any CPU
		{BE9DCAED-271E-49EB-B2CC-BB4D727AFA21}.Release|x64.ActiveCfg = Release|Any CPU
		{BE9DCAED-271E-49EB-B2CC-BB4D727AFA21}.Release|x64.Build.0 = Release|Any CPU
		{BE9DCAED-271E-49EB-B2CC-BB4D727AFA21}.Release|x86.ActiveCfg = Release|Any CPU
		{BE9DCAED-271E-49EB-B2CC-BB4D727AFA21}.Release|x86.Build.0 = Release|Any CPU
		{E769594D-0625-4928-8061-481BF7FFFCFD}.Debug|Any CPU.ActiveCfg = Debug|Any CPU
		{E769594D-0625-4928-8061-481BF7FFFCFD}.Debug|Any CPU.Build.0 = Debug|Any CPU
		{E769594D-0625-4928-8061-481BF7FFFCFD}.Debug|x64.ActiveCfg = Debug|Any CPU
		{E769594D-0625-4928-8061-481BF7FFFCFD}.Debug|x64.Build.0 = Debug|Any CPU
		{E769594D-0625-4928-8061-481BF7FFFCFD}.Debug|x86.ActiveCfg = Debug|Any CPU
		{E769594D-0625-4928-8061-481BF7FFFCFD}.Debug|x86.Build.0 = Debug|Any CPU
		{E769594D-0625-4928-8061-481BF7FFFCFD}.Release|Any CPU.ActiveCfg = Release|Any CPU
		{E769594D-0625-4928-8061-481BF7FFFCFD}.Release|Any CPU.Build.0 = Release|Any CPU
		{E769594D-0625-4928-8061-481BF7FFFCFD}.Release|x64.ActiveCfg = Release|Any CPU
		{E769594D-0625-4928-8061-481BF7FFFCFD}.Release|x64.Build.0 = Release|Any CPU
		{E769594D-0625-4928-8061-481BF7FFFCFD}.Release|x86.ActiveCfg = Release|Any CPU
		{E769594D-0625-4928-8061-481BF7FFFCFD}.Release|x86.Build.0 = Release|Any CPU
		{0943FA25-9B89-4023-81DE-4A320B88EA7F}.Debug|Any CPU.ActiveCfg = Debug|Any CPU
		{0943FA25-9B89-4023-81DE-4A320B88EA7F}.Debug|Any CPU.Build.0 = Debug|Any CPU
		{0943FA25-9B89-4023-81DE-4A320B88EA7F}.Debug|x64.ActiveCfg = Debug|Any CPU
		{0943FA25-9B89-4023-81DE-4A320B88EA7F}.Debug|x64.Build.0 = Debug|Any CPU
		{0943FA25-9B89-4023-81DE-4A320B88EA7F}.Debug|x86.ActiveCfg = Debug|Any CPU
		{0943FA25-9B89-4023-81DE-4A320B88EA7F}.Debug|x86.Build.0 = Debug|Any CPU
		{0943FA25-9B89-4023-81DE-4A320B88EA7F}.Release|Any CPU.ActiveCfg = Release|Any CPU
		{0943FA25-9B89-4023-81DE-4A320B88EA7F}.Release|Any CPU.Build.0 = Release|Any CPU
		{0943FA25-9B89-4023-81DE-4A320B88EA7F}.Release|x64.ActiveCfg = Release|Any CPU
		{0943FA25-9B89-4023-81DE-4A320B88EA7F}.Release|x64.Build.0 = Release|Any CPU
		{0943FA25-9B89-4023-81DE-4A320B88EA7F}.Release|x86.ActiveCfg = Release|Any CPU
		{0943FA25-9B89-4023-81DE-4A320B88EA7F}.Release|x86.Build.0 = Release|Any CPU
		{B5267E8A-DB8F-44C3-9046-69573A75B104}.Debug|Any CPU.ActiveCfg = Debug|Any CPU
		{B5267E8A-DB8F-44C3-9046-69573A75B104}.Debug|Any CPU.Build.0 = Debug|Any CPU
		{B5267E8A-DB8F-44C3-9046-69573A75B104}.Debug|x64.ActiveCfg = Debug|Any CPU
		{B5267E8A-DB8F-44C3-9046-69573A75B104}.Debug|x64.Build.0 = Debug|Any CPU
		{B5267E8A-DB8F-44C3-9046-69573A75B104}.Debug|x86.ActiveCfg = Debug|Any CPU
		{B5267E8A-DB8F-44C3-9046-69573A75B104}.Debug|x86.Build.0 = Debug|Any CPU
		{B5267E8A-DB8F-44C3-9046-69573A75B104}.Release|Any CPU.ActiveCfg = Release|Any CPU
		{B5267E8A-DB8F-44C3-9046-69573A75B104}.Release|Any CPU.Build.0 = Release|Any CPU
		{B5267E8A-DB8F-44C3-9046-69573A75B104}.Release|x64.ActiveCfg = Release|Any CPU
		{B5267E8A-DB8F-44C3-9046-69573A75B104}.Release|x64.Build.0 = Release|Any CPU
		{B5267E8A-DB8F-44C3-9046-69573A75B104}.Release|x86.ActiveCfg = Release|Any CPU
		{B5267E8A-DB8F-44C3-9046-69573A75B104}.Release|x86.Build.0 = Release|Any CPU
		{89A34C62-12D6-4505-AE09-9ECC7B5D07D6}.Debug|Any CPU.ActiveCfg = Debug|Any CPU
		{89A34C62-12D6-4505-AE09-9ECC7B5D07D6}.Debug|Any CPU.Build.0 = Debug|Any CPU
		{89A34C62-12D6-4505-AE09-9ECC7B5D07D6}.Debug|x64.ActiveCfg = Debug|Any CPU
		{89A34C62-12D6-4505-AE09-9ECC7B5D07D6}.Debug|x64.Build.0 = Debug|Any CPU
		{89A34C62-12D6-4505-AE09-9ECC7B5D07D6}.Debug|x86.ActiveCfg = Debug|Any CPU
		{89A34C62-12D6-4505-AE09-9ECC7B5D07D6}.Debug|x86.Build.0 = Debug|Any CPU
		{89A34C62-12D6-4505-AE09-9ECC7B5D07D6}.Release|Any CPU.ActiveCfg = Release|Any CPU
		{89A34C62-12D6-4505-AE09-9ECC7B5D07D6}.Release|Any CPU.Build.0 = Release|Any CPU
		{89A34C62-12D6-4505-AE09-9ECC7B5D07D6}.Release|x64.ActiveCfg = Release|Any CPU
		{89A34C62-12D6-4505-AE09-9ECC7B5D07D6}.Release|x64.Build.0 = Release|Any CPU
		{89A34C62-12D6-4505-AE09-9ECC7B5D07D6}.Release|x86.ActiveCfg = Release|Any CPU
		{89A34C62-12D6-4505-AE09-9ECC7B5D07D6}.Release|x86.Build.0 = Release|Any CPU
		{FF17E3C0-79EB-4585-978F-D77CEFF70BD5}.Debug|Any CPU.ActiveCfg = Debug|Any CPU
		{FF17E3C0-79EB-4585-978F-D77CEFF70BD5}.Debug|Any CPU.Build.0 = Debug|Any CPU
		{FF17E3C0-79EB-4585-978F-D77CEFF70BD5}.Debug|x64.ActiveCfg = Debug|Any CPU
		{FF17E3C0-79EB-4585-978F-D77CEFF70BD5}.Debug|x64.Build.0 = Debug|Any CPU
		{FF17E3C0-79EB-4585-978F-D77CEFF70BD5}.Debug|x86.ActiveCfg = Debug|Any CPU
		{FF17E3C0-79EB-4585-978F-D77CEFF70BD5}.Debug|x86.Build.0 = Debug|Any CPU
		{FF17E3C0-79EB-4585-978F-D77CEFF70BD5}.Release|Any CPU.ActiveCfg = Release|Any CPU
		{FF17E3C0-79EB-4585-978F-D77CEFF70BD5}.Release|Any CPU.Build.0 = Release|Any CPU
		{FF17E3C0-79EB-4585-978F-D77CEFF70BD5}.Release|x64.ActiveCfg = Release|Any CPU
		{FF17E3C0-79EB-4585-978F-D77CEFF70BD5}.Release|x64.Build.0 = Release|Any CPU
		{FF17E3C0-79EB-4585-978F-D77CEFF70BD5}.Release|x86.ActiveCfg = Release|Any CPU
		{FF17E3C0-79EB-4585-978F-D77CEFF70BD5}.Release|x86.Build.0 = Release|Any CPU
		{A728F9A0-76BB-4659-AB57-9F591D66618A}.Debug|Any CPU.ActiveCfg = Debug|Any CPU
		{A728F9A0-76BB-4659-AB57-9F591D66618A}.Debug|Any CPU.Build.0 = Debug|Any CPU
		{A728F9A0-76BB-4659-AB57-9F591D66618A}.Debug|x64.ActiveCfg = Debug|Any CPU
		{A728F9A0-76BB-4659-AB57-9F591D66618A}.Debug|x64.Build.0 = Debug|Any CPU
		{A728F9A0-76BB-4659-AB57-9F591D66618A}.Debug|x86.ActiveCfg = Debug|Any CPU
		{A728F9A0-76BB-4659-AB57-9F591D66618A}.Debug|x86.Build.0 = Debug|Any CPU
		{A728F9A0-76BB-4659-AB57-9F591D66618A}.Release|Any CPU.ActiveCfg = Release|Any CPU
		{A728F9A0-76BB-4659-AB57-9F591D66618A}.Release|Any CPU.Build.0 = Release|Any CPU
		{A728F9A0-76BB-4659-AB57-9F591D66618A}.Release|x64.ActiveCfg = Release|Any CPU
		{A728F9A0-76BB-4659-AB57-9F591D66618A}.Release|x64.Build.0 = Release|Any CPU
		{A728F9A0-76BB-4659-AB57-9F591D66618A}.Release|x86.ActiveCfg = Release|Any CPU
		{A728F9A0-76BB-4659-AB57-9F591D66618A}.Release|x86.Build.0 = Release|Any CPU
		{940C6D7A-3D79-4CF1-AC43-1B059A389296}.Debug|Any CPU.ActiveCfg = Debug|Any CPU
		{940C6D7A-3D79-4CF1-AC43-1B059A389296}.Debug|Any CPU.Build.0 = Debug|Any CPU
		{940C6D7A-3D79-4CF1-AC43-1B059A389296}.Debug|x64.ActiveCfg = Debug|Any CPU
		{940C6D7A-3D79-4CF1-AC43-1B059A389296}.Debug|x64.Build.0 = Debug|Any CPU
		{940C6D7A-3D79-4CF1-AC43-1B059A389296}.Debug|x86.ActiveCfg = Debug|Any CPU
		{940C6D7A-3D79-4CF1-AC43-1B059A389296}.Debug|x86.Build.0 = Debug|Any CPU
		{940C6D7A-3D79-4CF1-AC43-1B059A389296}.Release|Any CPU.ActiveCfg = Release|Any CPU
		{940C6D7A-3D79-4CF1-AC43-1B059A389296}.Release|Any CPU.Build.0 = Release|Any CPU
		{940C6D7A-3D79-4CF1-AC43-1B059A389296}.Release|x64.ActiveCfg = Release|Any CPU
		{940C6D7A-3D79-4CF1-AC43-1B059A389296}.Release|x64.Build.0 = Release|Any CPU
		{940C6D7A-3D79-4CF1-AC43-1B059A389296}.Release|x86.ActiveCfg = Release|Any CPU
		{940C6D7A-3D79-4CF1-AC43-1B059A389296}.Release|x86.Build.0 = Release|Any CPU
	EndGlobalSection
	GlobalSection(SolutionProperties) = preSolution
		HideSolutionNode = FALSE
	EndGlobalSection
	GlobalSection(NestedProjects) = preSolution
		{1DB4FC79-FCB0-4186-AB90-693334475938} = {C2F8FF63-7A48-4179-A720-86206C42F496}
		{BE9DCAED-271E-49EB-B2CC-BB4D727AFA21} = {C2F8FF63-7A48-4179-A720-86206C42F496}
		{E769594D-0625-4928-8061-481BF7FFFCFD} = {FCF39E66-4EE0-4265-B8D6-0AD721AF138C}
		{0943FA25-9B89-4023-81DE-4A320B88EA7F} = {8EA18457-86E2-4D2D-AC9E-2552FDC9676F}
		{B5267E8A-DB8F-44C3-9046-69573A75B104} = {C2F8FF63-7A48-4179-A720-86206C42F496}
		{89A34C62-12D6-4505-AE09-9ECC7B5D07D6} = {C2F8FF63-7A48-4179-A720-86206C42F496}
		{FF17E3C0-79EB-4585-978F-D77CEFF70BD5} = {C2F8FF63-7A48-4179-A720-86206C42F496}
		{A728F9A0-76BB-4659-AB57-9F591D66618A} = {C2F8FF63-7A48-4179-A720-86206C42F496}
		{940C6D7A-3D79-4CF1-AC43-1B059A389296} = {C2F8FF63-7A48-4179-A720-86206C42F496}
	EndGlobalSection
	GlobalSection(ExtensibilityGlobals) = postSolution
		SolutionGuid = {2EB87445-E263-4E1E-89CC-3839170028E5}
	EndGlobalSection
EndGlobal
