
Microsoft Visual Studio Solution File, Format Version 12.00
# Visual Studio Version 17
VisualStudioVersion = 17.2.32427.441
MinimumVisualStudioVersion = 10.0.40219.1
Project("{2150E333-8FDC-42A3-9474-1A3956D46DE8}") = ".paket", ".paket", "{ED752CB6-0C58-4520-8091-2630647230C6}"
	ProjectSection(SolutionItems) = preProject
		paket.dependencies = paket.dependencies
	EndProjectSection
EndProject
Project("{2150E333-8FDC-42A3-9474-1A3956D46DE8}") = "src", "src", "{C2F8FF63-7A48-4179-A720-86206C42F496}"
EndProject
Project("{2150E333-8FDC-42A3-9474-1A3956D46DE8}") = "test", "test", "{8EA18457-86E2-4D2D-AC9E-2552FDC9676F}"
EndProject
Project("{9A19103F-16F7-4668-BE54-9A1E7A4F7556}") = "RoadRegistry.BackOffice", "src\RoadRegistry.BackOffice\RoadRegistry.BackOffice.csproj", "{BE9DCAED-271E-49EB-B2CC-BB4D727AFA21}"
EndProject
Project("{9A19103F-16F7-4668-BE54-9A1E7A4F7556}") = "RoadRegistry.BackOffice.Api", "src\RoadRegistry.BackOffice.Api\RoadRegistry.BackOffice.Api.csproj", "{FF17E3C0-79EB-4585-978F-D77CEFF70BD5}"
EndProject
Project("{9A19103F-16F7-4668-BE54-9A1E7A4F7556}") = "RoadRegistry.Editor.Schema", "src\RoadRegistry.Editor.Schema\RoadRegistry.Editor.Schema.csproj", "{940C6D7A-3D79-4CF1-AC43-1B059A389296}"
EndProject
Project("{9A19103F-16F7-4668-BE54-9A1E7A4F7556}") = "RoadRegistry.Editor.Projections", "src\RoadRegistry.Editor.Projections\RoadRegistry.Editor.Projections.csproj", "{1DB4FC79-FCB0-4186-AB90-693334475938}"
EndProject
Project("{9A19103F-16F7-4668-BE54-9A1E7A4F7556}") = "RoadRegistry.Structurizr", "docs\RoadRegistry.Structurizr\RoadRegistry.Structurizr.csproj", "{E769594D-0625-4928-8061-481BF7FFFCFD}"
EndProject
Project("{2150E333-8FDC-42A3-9474-1A3956D46DE8}") = "docs", "docs", "{FCF39E66-4EE0-4265-B8D6-0AD721AF138C}"
EndProject
Project("{9A19103F-16F7-4668-BE54-9A1E7A4F7556}") = "RoadRegistry.BackOffice.ZipArchiveWriters.Tests", "test\RoadRegistry.BackOffice.ZipArchiveWriters.Tests\RoadRegistry.BackOffice.ZipArchiveWriters.Tests.csproj", "{12BA643D-844C-488D-9135-C392A26EE7C1}"
EndProject
Project("{9A19103F-16F7-4668-BE54-9A1E7A4F7556}") = "RoadRegistry.BackOffice.Handlers.Tests", "test\RoadRegistry.BackOffice.Handlers.Tests\RoadRegistry.BackOffice.Handlers.Tests.csproj", "{BCF48209-64F6-4812-9D7D-3435DD36747E}"
EndProject
Project("{9A19103F-16F7-4668-BE54-9A1E7A4F7556}") = "RoadRegistry.BackOffice.Handlers.Sqs.Tests", "test\RoadRegistry.BackOffice.Handlers.Sqs.Tests\RoadRegistry.BackOffice.Handlers.Sqs.Tests.csproj", "{F547B4F7-B927-42E8-B285-550E7A61AB0C}"
EndProject
Project("{9A19103F-16F7-4668-BE54-9A1E7A4F7556}") = "RoadRegistry.BackOffice.Api.Tests", "test\RoadRegistry.BackOffice.Api.Tests\RoadRegistry.BackOffice.Api.Tests.csproj", "{595A0562-D032-4C2A-96F8-0CB8F2A257ED}"
EndProject
Project("{9A19103F-16F7-4668-BE54-9A1E7A4F7556}") = "RoadRegistry.BackOffice.CommandHost.Tests", "test\RoadRegistry.BackOffice.CommandHost.Tests\RoadRegistry.BackOffice.CommandHost.Tests.csproj", "{4BC82CAE-5908-4772-8AF4-4C87B8922875}"
EndProject
Project("{9A19103F-16F7-4668-BE54-9A1E7A4F7556}") = "RoadRegistry.BackOffice.EventHost.Tests", "test\RoadRegistry.BackOffice.EventHost.Tests\RoadRegistry.BackOffice.EventHost.Tests.csproj", "{4CF7687D-EB69-480B-A77E-9C880F8C27F1}"
EndProject
Project("{9A19103F-16F7-4668-BE54-9A1E7A4F7556}") = "RoadRegistry.BackOffice.ExtractHost.Tests", "test\RoadRegistry.BackOffice.ExtractHost.Tests\RoadRegistry.BackOffice.ExtractHost.Tests.csproj", "{4227AB8C-B49D-4830-B502-299CB25114BD}"
EndProject
Project("{9A19103F-16F7-4668-BE54-9A1E7A4F7556}") = "RoadRegistry.Tests", "test\RoadRegistry.Tests\RoadRegistry.Tests.csproj", "{0943FA25-9B89-4023-81DE-4A320B88EA7F}"
EndProject
Project("{2150E333-8FDC-42A3-9474-1A3956D46DE8}") = "Solution Items", "Solution Items", "{1710F546-49E2-4BAA-A8AB-655D55AD91CF}"
	ProjectSection(SolutionItems) = preProject
		Directory.Build.props = Directory.Build.props
		LICENSE = LICENSE
		paket.dependencies = paket.dependencies
		paket.lock = paket.lock
		README.md = README.md
		RoadRegistry.sln.DotSettings = RoadRegistry.sln.DotSettings
	EndProjectSection
EndProject
Project("{9A19103F-16F7-4668-BE54-9A1E7A4F7556}") = "RoadRegistry.BackOffice.Abstractions", "src\RoadRegistry.BackOffice.Abstractions\RoadRegistry.BackOffice.Abstractions.csproj", "{12EE9166-89E0-4444-ACB8-9125F7B055D3}"
EndProject
Project("{9A19103F-16F7-4668-BE54-9A1E7A4F7556}") = "RoadRegistry.BackOffice.CommandHost", "src\RoadRegistry.BackOffice.CommandHost\RoadRegistry.BackOffice.CommandHost.csproj", "{908BDFD7-2B26-4357-AF0A-7276E0790E1B}"
EndProject
Project("{9A19103F-16F7-4668-BE54-9A1E7A4F7556}") = "RoadRegistry.BackOffice.EventHost", "src\RoadRegistry.BackOffice.EventHost\RoadRegistry.BackOffice.EventHost.csproj", "{B0B7D5C8-2331-41D2-A5AE-37D51063ED79}"
EndProject
Project("{9A19103F-16F7-4668-BE54-9A1E7A4F7556}") = "RoadRegistry.BackOffice.ExtractHost", "src\RoadRegistry.BackOffice.ExtractHost\RoadRegistry.BackOffice.ExtractHost.csproj", "{99B01AF5-E4A9-4F62-83A7-D5F445754892}"
EndProject
Project("{9A19103F-16F7-4668-BE54-9A1E7A4F7556}") = "RoadRegistry.BackOffice.Handlers", "src\RoadRegistry.BackOffice.Handlers\RoadRegistry.BackOffice.Handlers.csproj", "{EE7B7D49-6D48-4D1D-8CAC-98B556ED910F}"
EndProject
Project("{9A19103F-16F7-4668-BE54-9A1E7A4F7556}") = "RoadRegistry.BackOffice.Handlers.Sqs", "src\RoadRegistry.BackOffice.Handlers.Sqs\RoadRegistry.BackOffice.Handlers.Sqs.csproj", "{8764EE77-22D4-4EAF-91DF-539096C37D6B}"
EndProject
Project("{9A19103F-16F7-4668-BE54-9A1E7A4F7556}") = "RoadRegistry.BackOffice.ZipArchiveWriters", "src\RoadRegistry.BackOffice.ZipArchiveWriters\RoadRegistry.BackOffice.ZipArchiveWriters.csproj", "{5DFB5600-541E-442E-AC35-9A0907C9D61F}"
EndProject
Project("{9A19103F-16F7-4668-BE54-9A1E7A4F7556}") = "RoadRegistry.Editor.ProjectionHost", "src\RoadRegistry.Editor.ProjectionHost\RoadRegistry.Editor.ProjectionHost.csproj", "{1E346E33-D705-45EC-9281-6A468D710F6A}"
EndProject
Project("{9A19103F-16F7-4668-BE54-9A1E7A4F7556}") = "RoadRegistry.Product.Schema", "src\RoadRegistry.Product.Schema\RoadRegistry.Product.Schema.csproj", "{5BC8F8EF-64C6-4628-948B-2399AC407FAF}"
EndProject
Project("{9A19103F-16F7-4668-BE54-9A1E7A4F7556}") = "RoadRegistry.Product.Projections", "src\RoadRegistry.Product.Projections\RoadRegistry.Product.Projections.csproj", "{3A54539E-6EE3-490C-A9B6-52ECE36705D6}"
EndProject
Project("{9A19103F-16F7-4668-BE54-9A1E7A4F7556}") = "RoadRegistry.Product.ProjectionHost", "src\RoadRegistry.Product.ProjectionHost\RoadRegistry.Product.ProjectionHost.csproj", "{CBBDE812-BAD5-4A2E-9BC5-B93020EB1D02}"
EndProject
Project("{9A19103F-16F7-4668-BE54-9A1E7A4F7556}") = "RoadRegistry.Wms.ProjectionHost", "src\RoadRegistry.Wms.ProjectionHost\RoadRegistry.Wms.ProjectionHost.csproj", "{D24EAA1F-99E9-4FAE-8FF8-7F2185471628}"
EndProject
Project("{9A19103F-16F7-4668-BE54-9A1E7A4F7556}") = "RoadRegistry.Wms.Projections", "src\RoadRegistry.Wms.Projections\RoadRegistry.Wms.Projections.csproj", "{29874E0E-B52D-4417-9F10-FD95A52328C5}"
EndProject
Project("{9A19103F-16F7-4668-BE54-9A1E7A4F7556}") = "RoadRegistry.Wms.Schema", "src\RoadRegistry.Wms.Schema\RoadRegistry.Wms.Schema.csproj", "{7771F484-0FB5-4BFC-AE36-2C93BBF231B9}"
EndProject
Project("{9A19103F-16F7-4668-BE54-9A1E7A4F7556}") = "RoadRegistry.Hosts", "src\RoadRegistry.Hosts\RoadRegistry.Hosts.csproj", "{D3DCD390-ED8C-41B1-ACE7-677871F63ADD}"
EndProject
Project("{9A19103F-16F7-4668-BE54-9A1E7A4F7556}") = "RoadRegistry.Wms.ProjectionHost.Tests", "test\RoadRegistry.Wms.ProjectionHost.Tests\RoadRegistry.Wms.ProjectionHost.Tests.csproj", "{BBBC0E5F-9B16-4BCB-811E-948D4C3ADE8A}"
EndProject
Project("{9A19103F-16F7-4668-BE54-9A1E7A4F7556}") = "RoadRegistry.Editor.ProjectionHost.Tests", "test\RoadRegistry.Editor.ProjectionHost.Tests\RoadRegistry.Editor.ProjectionHost.Tests.csproj", "{825234E2-5E5F-4C11-B040-8047200E3748}"
EndProject
Project("{9A19103F-16F7-4668-BE54-9A1E7A4F7556}") = "RoadRegistry.Product.ProjectionHost.Tests", "test\RoadRegistry.Product.ProjectionHost.Tests\RoadRegistry.Product.ProjectionHost.Tests.csproj", "{583FB767-3C78-4867-BE1E-491618A7019C}"
EndProject
Project("{9A19103F-16F7-4668-BE54-9A1E7A4F7556}") = "RoadRegistry.Projector", "src\RoadRegistry.Projector\RoadRegistry.Projector.csproj", "{673DE7CE-C871-4A80-BCD4-5A944A764A48}"
EndProject
Project("{9A19103F-16F7-4668-BE54-9A1E7A4F7556}") = "RoadRegistry.Wfs.ProjectionHost", "src\RoadRegistry.Wfs.ProjectionHost\RoadRegistry.Wfs.ProjectionHost.csproj", "{AE3064EF-A33E-4FB0-AD47-E8CBDA957461}"
EndProject
Project("{9A19103F-16F7-4668-BE54-9A1E7A4F7556}") = "RoadRegistry.Wfs.Schema", "src\RoadRegistry.Wfs.Schema\RoadRegistry.Wfs.Schema.csproj", "{510390FF-4710-48D1-AC5D-D6CFF6D43BB6}"
EndProject
Project("{9A19103F-16F7-4668-BE54-9A1E7A4F7556}") = "RoadRegistry.Wfs.Projections", "src\RoadRegistry.Wfs.Projections\RoadRegistry.Wfs.Projections.csproj", "{A3A52608-2C43-46E7-8805-673E2E3BC5E0}"
EndProject
Project("{9A19103F-16F7-4668-BE54-9A1E7A4F7556}") = "RoadRegistry.Producer.Snapshot.ProjectionHost", "src\RoadRegistry.Producer.Snapshot.ProjectionHost\RoadRegistry.Producer.Snapshot.ProjectionHost.csproj", "{B327D115-8C65-40EE-99A2-B9FDD22C88A2}"
EndProject
Project("{9A19103F-16F7-4668-BE54-9A1E7A4F7556}") = "RoadRegistry.Producer.Snapshot.ProjectionHost.Tests", "test\RoadRegistry.Producer.Snapshot.ProjectionHost.Tests\RoadRegistry.Producer.Snapshot.ProjectionHost.Tests.csproj", "{2DCDE5B2-CF8D-4D00-86D8-A4F90A716E55}"
EndProject
Project("{9A19103F-16F7-4668-BE54-9A1E7A4F7556}") = "RoadRegistry.BackOffice.Handlers.Sqs.Lambda", "src\RoadRegistry.BackOffice.Handlers.Sqs.Lambda\RoadRegistry.BackOffice.Handlers.Sqs.Lambda.csproj", "{4361C75A-99CA-4DD3-BC73-7DFE2B656343}"
EndProject
Project("{9A19103F-16F7-4668-BE54-9A1E7A4F7556}") = "RoadRegistry.BackOffice.Handlers.Sqs.Lambda.Tests", "test\RoadRegistry.BackOffice.Handlers.Sqs.Lambda.Tests\RoadRegistry.BackOffice.Handlers.Sqs.Lambda.Tests.csproj", "{41D42A1A-5A37-43F1-91C0-9A28FBB075F3}"
EndProject
Project("{9A19103F-16F7-4668-BE54-9A1E7A4F7556}") = "RoadRegistry.Snapshot.Handlers", "src\RoadRegistry.Snapshot.Handlers\RoadRegistry.Snapshot.Handlers.csproj", "{F99EB65C-A3F9-4368-8CAD-B7EF627223EA}"
EndProject
Project("{9A19103F-16F7-4668-BE54-9A1E7A4F7556}") = "RoadRegistry.Snapshot.Handlers.Sqs", "src\RoadRegistry.Snapshot.Handlers.Sqs\RoadRegistry.Snapshot.Handlers.Sqs.csproj", "{009517CD-83C2-432F-963E-8BF75C9AB8BE}"
EndProject
Project("{9A19103F-16F7-4668-BE54-9A1E7A4F7556}") = "RoadRegistry.Snapshot.Handlers.Sqs.Lambda", "src\RoadRegistry.Snapshot.Handlers.Sqs.Lambda\RoadRegistry.Snapshot.Handlers.Sqs.Lambda.csproj", "{349B4158-6F70-47B6-9CD5-C50FA934F420}"
EndProject
Project("{9A19103F-16F7-4668-BE54-9A1E7A4F7556}") = "RoadRegistry.Snapshot.Handlers.Sqs.Lambda.Tests", "test\RoadRegistry.Snapshot.Handlers.Sqs.Lambda.Tests\RoadRegistry.Snapshot.Handlers.Sqs.Lambda.Tests.csproj", "{58BE85D7-49B4-4BD1-85FD-82D8F7D1CDDA}"
EndProject
Project("{9A19103F-16F7-4668-BE54-9A1E7A4F7556}") = "RoadRegistry.AdminHost", "src\RoadRegistry.AdminHost\RoadRegistry.AdminHost.csproj", "{DF83FE95-2C95-4AD8-A798-D0435A337F55}"
EndProject
Project("{9A19103F-16F7-4668-BE54-9A1E7A4F7556}") = "RoadRegistry.Wfs.ProjectionHost.Tests", "test\RoadRegistry.Wfs.ProjectionHost.Tests\RoadRegistry.Wfs.ProjectionHost.Tests.csproj", "{0F16CEE1-2928-470A-ABC0-D82467BD1107}"
EndProject
Project("{9A19103F-16F7-4668-BE54-9A1E7A4F7556}") = "RoadRegistry.Projector.Tests", "test\RoadRegistry.Projector.Tests\RoadRegistry.Projector.Tests.csproj", "{DE977244-3B8B-46D9-AAFF-877247B42139}"
EndProject
Project("{9A19103F-16F7-4668-BE54-9A1E7A4F7556}") = "RoadRegistry.AdminHost.Tests", "test\RoadRegistry.AdminHost.Tests\RoadRegistry.AdminHost.Tests.csproj", "{F2BBC0ED-C20A-4DCA-8CC6-20DD0CB40C4A}"
EndProject
Project("{9A19103F-16F7-4668-BE54-9A1E7A4F7556}") = "RoadRegistry.Empty.Tests", "test\RoadRegistry.Empty.Tests\RoadRegistry.Empty.Tests.csproj", "{3CD12FFB-D4A2-4202-9486-26D6F5286B13}"
EndProject
Project("{9A19103F-16F7-4668-BE54-9A1E7A4F7556}") = "RoadRegistry.Sync.OrganizationRegistry", "src\RoadRegistry.Sync.OrganizationRegistry\RoadRegistry.Sync.OrganizationRegistry.csproj", "{761BF901-BD75-4BA5-BC7A-4209F83EC66A}"
EndProject
Project("{9A19103F-16F7-4668-BE54-9A1E7A4F7556}") = "RoadRegistry.SyncHost", "src\RoadRegistry.SyncHost\RoadRegistry.SyncHost.csproj", "{430334FA-51D2-4C71-9F27-A83F8CFF0C5F}"
EndProject
Project("{9A19103F-16F7-4668-BE54-9A1E7A4F7556}") = "RoadRegistry.SyncHost.Tests", "test\RoadRegistry.SyncHost.Tests\RoadRegistry.SyncHost.Tests.csproj", "{ED669395-A0BD-4D59-A679-C79176E38595}"
EndProject
Project("{9A19103F-16F7-4668-BE54-9A1E7A4F7556}") = "RoadRegistry.StreetName", "src\RoadRegistry.StreetName\RoadRegistry.StreetName.csproj", "{1E15EFC6-DD30-4783-A539-5E0D350E4D92}"
EndProject
Project("{9A19103F-16F7-4668-BE54-9A1E7A4F7556}") = "RoadRegistry.BackOffice.Api.IntegrationTests", "test\RoadRegistry.BackOffice.Api.IntegrationTests\RoadRegistry.BackOffice.Api.IntegrationTests.csproj", "{B82B2A5C-BD84-4DD8-B06C-C8C561C70B24}"
EndProject
Project("{9A19103F-16F7-4668-BE54-9A1E7A4F7556}") = "RoadRegistry.RoadNetwork.Schema", "src\RoadRegistry.RoadNetwork.Schema\RoadRegistry.RoadNetwork.Schema.csproj", "{73D08F55-E44B-49BA-8B2A-7B8F1B9CCC29}"
EndProject
Project("{9A19103F-16F7-4668-BE54-9A1E7A4F7556}") = "RoadRegistry.Sync.StreetNameRegistry", "src\RoadRegistry.Sync.StreetNameRegistry\RoadRegistry.Sync.StreetNameRegistry.csproj", "{0350AF9C-0AB5-4246-ADFB-DAD8913A2B93}"
EndProject
Project("{9A19103F-16F7-4668-BE54-9A1E7A4F7556}") = "RoadRegistry.Jobs", "src\RoadRegistry.Jobs\RoadRegistry.Jobs.csproj", "{C9B8EDA9-4D83-41C0-ACF4-5A2F2A262C6D}"
EndProject
Project("{9A19103F-16F7-4668-BE54-9A1E7A4F7556}") = "RoadRegistry.Jobs.Processor", "src\RoadRegistry.Jobs.Processor\RoadRegistry.Jobs.Processor.csproj", "{750C9232-6329-46E6-8225-90FEC7A402D7}"
EndProject
Project("{9A19103F-16F7-4668-BE54-9A1E7A4F7556}") = "RoadRegistry.Jobs.Processor.Tests", "test\RoadRegistry.Jobs.Processor.Tests\RoadRegistry.Jobs.Processor.Tests.csproj", "{15D663D4-50B9-41B0-AAA7-C6F76DCB2BB7}"
EndProject
Project("{9A19103F-16F7-4668-BE54-9A1E7A4F7556}") = "RoadRegistry.Integration.Projections", "src\RoadRegistry.Integration.Projections\RoadRegistry.Integration.Projections.csproj", "{55BACAE6-605D-4B38-8FCA-BC2B726522A4}"
EndProject
Project("{9A19103F-16F7-4668-BE54-9A1E7A4F7556}") = "RoadRegistry.Integration.Schema", "src\RoadRegistry.Integration.Schema\RoadRegistry.Integration.Schema.csproj", "{00FBE982-4B30-478E-B48F-B971EE735351}"
EndProject
Project("{9A19103F-16F7-4668-BE54-9A1E7A4F7556}") = "RoadRegistry.Integration.ProjectionHost", "src\RoadRegistry.Integration.ProjectionHost\RoadRegistry.Integration.ProjectionHost.csproj", "{2345054A-9FEC-4930-A278-49526BB73CF6}"
EndProject
Project("{9A19103F-16F7-4668-BE54-9A1E7A4F7556}") = "RoadRegistry.Integration.ProjectionHost.Tests", "test\RoadRegistry.Integration.ProjectionHost.Tests\RoadRegistry.Integration.ProjectionHost.Tests.csproj", "{8BBCF59D-7A4F-48A3-B8B2-5BD0C5CE46A8}"
EndProject
Project("{FAE04EC0-301F-11D3-BF4B-00C04F79EFBC}") = "RoadRegistry.Snapshot.Handlers.Sqs.Lambda.Console", "test\RoadRegistry.Snapshot.Handlers.Sqs.Lambda.Console\RoadRegistry.Snapshot.Handlers.Sqs.Lambda.Console.csproj", "{18024416-CD26-433B-B34B-2B248A57539C}"
EndProject
Global
	GlobalSection(SolutionConfigurationPlatforms) = preSolution
		Debug|Any CPU = Debug|Any CPU
		Debug|x64 = Debug|x64
		Debug|x86 = Debug|x86
		Release|Any CPU = Release|Any CPU
		Release|x64 = Release|x64
		Release|x86 = Release|x86
	EndGlobalSection
	GlobalSection(ProjectConfigurationPlatforms) = postSolution
		{BE9DCAED-271E-49EB-B2CC-BB4D727AFA21}.Debug|Any CPU.ActiveCfg = Debug|Any CPU
		{BE9DCAED-271E-49EB-B2CC-BB4D727AFA21}.Debug|Any CPU.Build.0 = Debug|Any CPU
		{BE9DCAED-271E-49EB-B2CC-BB4D727AFA21}.Debug|x64.ActiveCfg = Debug|x64
		{BE9DCAED-271E-49EB-B2CC-BB4D727AFA21}.Debug|x64.Build.0 = Debug|x64
		{BE9DCAED-271E-49EB-B2CC-BB4D727AFA21}.Debug|x86.ActiveCfg = Debug|x86
		{BE9DCAED-271E-49EB-B2CC-BB4D727AFA21}.Debug|x86.Build.0 = Debug|x86
		{BE9DCAED-271E-49EB-B2CC-BB4D727AFA21}.Release|Any CPU.ActiveCfg = Release|Any CPU
		{BE9DCAED-271E-49EB-B2CC-BB4D727AFA21}.Release|Any CPU.Build.0 = Release|Any CPU
		{BE9DCAED-271E-49EB-B2CC-BB4D727AFA21}.Release|x64.ActiveCfg = Release|x64
		{BE9DCAED-271E-49EB-B2CC-BB4D727AFA21}.Release|x64.Build.0 = Release|x64
		{BE9DCAED-271E-49EB-B2CC-BB4D727AFA21}.Release|x86.ActiveCfg = Release|x86
		{BE9DCAED-271E-49EB-B2CC-BB4D727AFA21}.Release|x86.Build.0 = Release|x86
		{FF17E3C0-79EB-4585-978F-D77CEFF70BD5}.Debug|Any CPU.ActiveCfg = Debug|Any CPU
		{FF17E3C0-79EB-4585-978F-D77CEFF70BD5}.Debug|Any CPU.Build.0 = Debug|Any CPU
		{FF17E3C0-79EB-4585-978F-D77CEFF70BD5}.Debug|x64.ActiveCfg = Debug|x64
		{FF17E3C0-79EB-4585-978F-D77CEFF70BD5}.Debug|x64.Build.0 = Debug|x64
		{FF17E3C0-79EB-4585-978F-D77CEFF70BD5}.Debug|x86.ActiveCfg = Debug|x86
		{FF17E3C0-79EB-4585-978F-D77CEFF70BD5}.Debug|x86.Build.0 = Debug|x86
		{FF17E3C0-79EB-4585-978F-D77CEFF70BD5}.Release|Any CPU.ActiveCfg = Release|Any CPU
		{FF17E3C0-79EB-4585-978F-D77CEFF70BD5}.Release|Any CPU.Build.0 = Release|Any CPU
		{FF17E3C0-79EB-4585-978F-D77CEFF70BD5}.Release|x64.ActiveCfg = Release|x64
		{FF17E3C0-79EB-4585-978F-D77CEFF70BD5}.Release|x64.Build.0 = Release|x64
		{FF17E3C0-79EB-4585-978F-D77CEFF70BD5}.Release|x86.ActiveCfg = Release|x86
		{FF17E3C0-79EB-4585-978F-D77CEFF70BD5}.Release|x86.Build.0 = Release|x86
		{940C6D7A-3D79-4CF1-AC43-1B059A389296}.Debug|Any CPU.ActiveCfg = Debug|Any CPU
		{940C6D7A-3D79-4CF1-AC43-1B059A389296}.Debug|Any CPU.Build.0 = Debug|Any CPU
		{940C6D7A-3D79-4CF1-AC43-1B059A389296}.Debug|x64.ActiveCfg = Debug|x64
		{940C6D7A-3D79-4CF1-AC43-1B059A389296}.Debug|x64.Build.0 = Debug|x64
		{940C6D7A-3D79-4CF1-AC43-1B059A389296}.Debug|x86.ActiveCfg = Debug|x86
		{940C6D7A-3D79-4CF1-AC43-1B059A389296}.Debug|x86.Build.0 = Debug|x86
		{940C6D7A-3D79-4CF1-AC43-1B059A389296}.Release|Any CPU.ActiveCfg = Release|Any CPU
		{940C6D7A-3D79-4CF1-AC43-1B059A389296}.Release|Any CPU.Build.0 = Release|Any CPU
		{940C6D7A-3D79-4CF1-AC43-1B059A389296}.Release|x64.ActiveCfg = Release|x64
		{940C6D7A-3D79-4CF1-AC43-1B059A389296}.Release|x64.Build.0 = Release|x64
		{940C6D7A-3D79-4CF1-AC43-1B059A389296}.Release|x86.ActiveCfg = Release|x86
		{940C6D7A-3D79-4CF1-AC43-1B059A389296}.Release|x86.Build.0 = Release|x86
		{1DB4FC79-FCB0-4186-AB90-693334475938}.Debug|Any CPU.ActiveCfg = Debug|Any CPU
		{1DB4FC79-FCB0-4186-AB90-693334475938}.Debug|Any CPU.Build.0 = Debug|Any CPU
		{1DB4FC79-FCB0-4186-AB90-693334475938}.Debug|x64.ActiveCfg = Debug|x64
		{1DB4FC79-FCB0-4186-AB90-693334475938}.Debug|x64.Build.0 = Debug|x64
		{1DB4FC79-FCB0-4186-AB90-693334475938}.Debug|x86.ActiveCfg = Debug|x86
		{1DB4FC79-FCB0-4186-AB90-693334475938}.Debug|x86.Build.0 = Debug|x86
		{1DB4FC79-FCB0-4186-AB90-693334475938}.Release|Any CPU.ActiveCfg = Release|Any CPU
		{1DB4FC79-FCB0-4186-AB90-693334475938}.Release|Any CPU.Build.0 = Release|Any CPU
		{1DB4FC79-FCB0-4186-AB90-693334475938}.Release|x64.ActiveCfg = Release|x64
		{1DB4FC79-FCB0-4186-AB90-693334475938}.Release|x64.Build.0 = Release|x64
		{1DB4FC79-FCB0-4186-AB90-693334475938}.Release|x86.ActiveCfg = Release|x86
		{1DB4FC79-FCB0-4186-AB90-693334475938}.Release|x86.Build.0 = Release|x86
		{E769594D-0625-4928-8061-481BF7FFFCFD}.Debug|Any CPU.ActiveCfg = Debug|Any CPU
		{E769594D-0625-4928-8061-481BF7FFFCFD}.Debug|Any CPU.Build.0 = Debug|Any CPU
		{E769594D-0625-4928-8061-481BF7FFFCFD}.Debug|x64.ActiveCfg = Debug|x64
		{E769594D-0625-4928-8061-481BF7FFFCFD}.Debug|x64.Build.0 = Debug|x64
		{E769594D-0625-4928-8061-481BF7FFFCFD}.Debug|x86.ActiveCfg = Debug|x86
		{E769594D-0625-4928-8061-481BF7FFFCFD}.Debug|x86.Build.0 = Debug|x86
		{E769594D-0625-4928-8061-481BF7FFFCFD}.Release|Any CPU.ActiveCfg = Release|Any CPU
		{E769594D-0625-4928-8061-481BF7FFFCFD}.Release|Any CPU.Build.0 = Release|Any CPU
		{E769594D-0625-4928-8061-481BF7FFFCFD}.Release|x64.ActiveCfg = Release|x64
		{E769594D-0625-4928-8061-481BF7FFFCFD}.Release|x64.Build.0 = Release|x64
		{E769594D-0625-4928-8061-481BF7FFFCFD}.Release|x86.ActiveCfg = Release|x86
		{E769594D-0625-4928-8061-481BF7FFFCFD}.Release|x86.Build.0 = Release|x86
		{12BA643D-844C-488D-9135-C392A26EE7C1}.Debug|Any CPU.ActiveCfg = Debug|Any CPU
		{12BA643D-844C-488D-9135-C392A26EE7C1}.Debug|Any CPU.Build.0 = Debug|Any CPU
		{12BA643D-844C-488D-9135-C392A26EE7C1}.Debug|x64.ActiveCfg = Debug|x64
		{12BA643D-844C-488D-9135-C392A26EE7C1}.Debug|x64.Build.0 = Debug|x64
		{12BA643D-844C-488D-9135-C392A26EE7C1}.Debug|x86.ActiveCfg = Debug|x86
		{12BA643D-844C-488D-9135-C392A26EE7C1}.Debug|x86.Build.0 = Debug|x86
		{12BA643D-844C-488D-9135-C392A26EE7C1}.Release|Any CPU.ActiveCfg = Release|Any CPU
		{12BA643D-844C-488D-9135-C392A26EE7C1}.Release|Any CPU.Build.0 = Release|Any CPU
		{12BA643D-844C-488D-9135-C392A26EE7C1}.Release|x64.ActiveCfg = Release|x64
		{12BA643D-844C-488D-9135-C392A26EE7C1}.Release|x64.Build.0 = Release|x64
		{12BA643D-844C-488D-9135-C392A26EE7C1}.Release|x86.ActiveCfg = Release|x86
		{12BA643D-844C-488D-9135-C392A26EE7C1}.Release|x86.Build.0 = Release|x86
		{BCF48209-64F6-4812-9D7D-3435DD36747E}.Debug|Any CPU.ActiveCfg = Debug|Any CPU
		{BCF48209-64F6-4812-9D7D-3435DD36747E}.Debug|Any CPU.Build.0 = Debug|Any CPU
		{BCF48209-64F6-4812-9D7D-3435DD36747E}.Debug|x64.ActiveCfg = Debug|x64
		{BCF48209-64F6-4812-9D7D-3435DD36747E}.Debug|x64.Build.0 = Debug|x64
		{BCF48209-64F6-4812-9D7D-3435DD36747E}.Debug|x86.ActiveCfg = Debug|x86
		{BCF48209-64F6-4812-9D7D-3435DD36747E}.Debug|x86.Build.0 = Debug|x86
		{BCF48209-64F6-4812-9D7D-3435DD36747E}.Release|Any CPU.ActiveCfg = Release|Any CPU
		{BCF48209-64F6-4812-9D7D-3435DD36747E}.Release|Any CPU.Build.0 = Release|Any CPU
		{BCF48209-64F6-4812-9D7D-3435DD36747E}.Release|x64.ActiveCfg = Release|x64
		{BCF48209-64F6-4812-9D7D-3435DD36747E}.Release|x64.Build.0 = Release|x64
		{BCF48209-64F6-4812-9D7D-3435DD36747E}.Release|x86.ActiveCfg = Release|x86
		{BCF48209-64F6-4812-9D7D-3435DD36747E}.Release|x86.Build.0 = Release|x86
		{F547B4F7-B927-42E8-B285-550E7A61AB0C}.Debug|Any CPU.ActiveCfg = Debug|Any CPU
		{F547B4F7-B927-42E8-B285-550E7A61AB0C}.Debug|Any CPU.Build.0 = Debug|Any CPU
		{F547B4F7-B927-42E8-B285-550E7A61AB0C}.Debug|x64.ActiveCfg = Debug|x64
		{F547B4F7-B927-42E8-B285-550E7A61AB0C}.Debug|x64.Build.0 = Debug|x64
		{F547B4F7-B927-42E8-B285-550E7A61AB0C}.Debug|x86.ActiveCfg = Debug|x86
		{F547B4F7-B927-42E8-B285-550E7A61AB0C}.Debug|x86.Build.0 = Debug|x86
		{F547B4F7-B927-42E8-B285-550E7A61AB0C}.Release|Any CPU.ActiveCfg = Release|Any CPU
		{F547B4F7-B927-42E8-B285-550E7A61AB0C}.Release|Any CPU.Build.0 = Release|Any CPU
		{F547B4F7-B927-42E8-B285-550E7A61AB0C}.Release|x64.ActiveCfg = Release|x64
		{F547B4F7-B927-42E8-B285-550E7A61AB0C}.Release|x64.Build.0 = Release|x64
		{F547B4F7-B927-42E8-B285-550E7A61AB0C}.Release|x86.ActiveCfg = Release|x86
		{F547B4F7-B927-42E8-B285-550E7A61AB0C}.Release|x86.Build.0 = Release|x86
		{595A0562-D032-4C2A-96F8-0CB8F2A257ED}.Debug|Any CPU.ActiveCfg = Debug|Any CPU
		{595A0562-D032-4C2A-96F8-0CB8F2A257ED}.Debug|Any CPU.Build.0 = Debug|Any CPU
		{595A0562-D032-4C2A-96F8-0CB8F2A257ED}.Debug|x64.ActiveCfg = Debug|x64
		{595A0562-D032-4C2A-96F8-0CB8F2A257ED}.Debug|x64.Build.0 = Debug|x64
		{595A0562-D032-4C2A-96F8-0CB8F2A257ED}.Debug|x86.ActiveCfg = Debug|x86
		{595A0562-D032-4C2A-96F8-0CB8F2A257ED}.Debug|x86.Build.0 = Debug|x86
		{595A0562-D032-4C2A-96F8-0CB8F2A257ED}.Release|Any CPU.ActiveCfg = Release|Any CPU
		{595A0562-D032-4C2A-96F8-0CB8F2A257ED}.Release|Any CPU.Build.0 = Release|Any CPU
		{595A0562-D032-4C2A-96F8-0CB8F2A257ED}.Release|x64.ActiveCfg = Release|x64
		{595A0562-D032-4C2A-96F8-0CB8F2A257ED}.Release|x64.Build.0 = Release|x64
		{595A0562-D032-4C2A-96F8-0CB8F2A257ED}.Release|x86.ActiveCfg = Release|x86
		{595A0562-D032-4C2A-96F8-0CB8F2A257ED}.Release|x86.Build.0 = Release|x86
		{4BC82CAE-5908-4772-8AF4-4C87B8922875}.Debug|Any CPU.ActiveCfg = Debug|Any CPU
		{4BC82CAE-5908-4772-8AF4-4C87B8922875}.Debug|Any CPU.Build.0 = Debug|Any CPU
		{4BC82CAE-5908-4772-8AF4-4C87B8922875}.Debug|x64.ActiveCfg = Debug|x64
		{4BC82CAE-5908-4772-8AF4-4C87B8922875}.Debug|x64.Build.0 = Debug|x64
		{4BC82CAE-5908-4772-8AF4-4C87B8922875}.Debug|x86.ActiveCfg = Debug|x86
		{4BC82CAE-5908-4772-8AF4-4C87B8922875}.Debug|x86.Build.0 = Debug|x86
		{4BC82CAE-5908-4772-8AF4-4C87B8922875}.Release|Any CPU.ActiveCfg = Release|Any CPU
		{4BC82CAE-5908-4772-8AF4-4C87B8922875}.Release|Any CPU.Build.0 = Release|Any CPU
		{4BC82CAE-5908-4772-8AF4-4C87B8922875}.Release|x64.ActiveCfg = Release|x64
		{4BC82CAE-5908-4772-8AF4-4C87B8922875}.Release|x64.Build.0 = Release|x64
		{4BC82CAE-5908-4772-8AF4-4C87B8922875}.Release|x86.ActiveCfg = Release|x86
		{4BC82CAE-5908-4772-8AF4-4C87B8922875}.Release|x86.Build.0 = Release|x86
		{4CF7687D-EB69-480B-A77E-9C880F8C27F1}.Debug|Any CPU.ActiveCfg = Debug|Any CPU
		{4CF7687D-EB69-480B-A77E-9C880F8C27F1}.Debug|Any CPU.Build.0 = Debug|Any CPU
		{4CF7687D-EB69-480B-A77E-9C880F8C27F1}.Debug|x64.ActiveCfg = Debug|x64
		{4CF7687D-EB69-480B-A77E-9C880F8C27F1}.Debug|x64.Build.0 = Debug|x64
		{4CF7687D-EB69-480B-A77E-9C880F8C27F1}.Debug|x86.ActiveCfg = Debug|x86
		{4CF7687D-EB69-480B-A77E-9C880F8C27F1}.Debug|x86.Build.0 = Debug|x86
		{4CF7687D-EB69-480B-A77E-9C880F8C27F1}.Release|Any CPU.ActiveCfg = Release|Any CPU
		{4CF7687D-EB69-480B-A77E-9C880F8C27F1}.Release|Any CPU.Build.0 = Release|Any CPU
		{4CF7687D-EB69-480B-A77E-9C880F8C27F1}.Release|x64.ActiveCfg = Release|x64
		{4CF7687D-EB69-480B-A77E-9C880F8C27F1}.Release|x64.Build.0 = Release|x64
		{4CF7687D-EB69-480B-A77E-9C880F8C27F1}.Release|x86.ActiveCfg = Release|x86
		{4CF7687D-EB69-480B-A77E-9C880F8C27F1}.Release|x86.Build.0 = Release|x86
		{4227AB8C-B49D-4830-B502-299CB25114BD}.Debug|Any CPU.ActiveCfg = Debug|Any CPU
		{4227AB8C-B49D-4830-B502-299CB25114BD}.Debug|Any CPU.Build.0 = Debug|Any CPU
		{4227AB8C-B49D-4830-B502-299CB25114BD}.Debug|x64.ActiveCfg = Debug|x64
		{4227AB8C-B49D-4830-B502-299CB25114BD}.Debug|x64.Build.0 = Debug|x64
		{4227AB8C-B49D-4830-B502-299CB25114BD}.Debug|x86.ActiveCfg = Debug|x86
		{4227AB8C-B49D-4830-B502-299CB25114BD}.Debug|x86.Build.0 = Debug|x86
		{4227AB8C-B49D-4830-B502-299CB25114BD}.Release|Any CPU.ActiveCfg = Release|Any CPU
		{4227AB8C-B49D-4830-B502-299CB25114BD}.Release|Any CPU.Build.0 = Release|Any CPU
		{4227AB8C-B49D-4830-B502-299CB25114BD}.Release|x64.ActiveCfg = Release|x64
		{4227AB8C-B49D-4830-B502-299CB25114BD}.Release|x64.Build.0 = Release|x64
		{4227AB8C-B49D-4830-B502-299CB25114BD}.Release|x86.ActiveCfg = Release|x86
		{4227AB8C-B49D-4830-B502-299CB25114BD}.Release|x86.Build.0 = Release|x86
		{0943FA25-9B89-4023-81DE-4A320B88EA7F}.Debug|Any CPU.ActiveCfg = Debug|Any CPU
		{0943FA25-9B89-4023-81DE-4A320B88EA7F}.Debug|Any CPU.Build.0 = Debug|Any CPU
		{0943FA25-9B89-4023-81DE-4A320B88EA7F}.Debug|x64.ActiveCfg = Debug|x64
		{0943FA25-9B89-4023-81DE-4A320B88EA7F}.Debug|x64.Build.0 = Debug|x64
		{0943FA25-9B89-4023-81DE-4A320B88EA7F}.Debug|x86.ActiveCfg = Debug|x86
		{0943FA25-9B89-4023-81DE-4A320B88EA7F}.Debug|x86.Build.0 = Debug|x86
		{0943FA25-9B89-4023-81DE-4A320B88EA7F}.Release|Any CPU.ActiveCfg = Release|Any CPU
		{0943FA25-9B89-4023-81DE-4A320B88EA7F}.Release|Any CPU.Build.0 = Release|Any CPU
		{0943FA25-9B89-4023-81DE-4A320B88EA7F}.Release|x64.ActiveCfg = Release|x64
		{0943FA25-9B89-4023-81DE-4A320B88EA7F}.Release|x64.Build.0 = Release|x64
		{0943FA25-9B89-4023-81DE-4A320B88EA7F}.Release|x86.ActiveCfg = Release|x86
		{0943FA25-9B89-4023-81DE-4A320B88EA7F}.Release|x86.Build.0 = Release|x86
		{12EE9166-89E0-4444-ACB8-9125F7B055D3}.Debug|Any CPU.ActiveCfg = Debug|Any CPU
		{12EE9166-89E0-4444-ACB8-9125F7B055D3}.Debug|Any CPU.Build.0 = Debug|Any CPU
		{12EE9166-89E0-4444-ACB8-9125F7B055D3}.Debug|x64.ActiveCfg = Debug|x64
		{12EE9166-89E0-4444-ACB8-9125F7B055D3}.Debug|x64.Build.0 = Debug|x64
		{12EE9166-89E0-4444-ACB8-9125F7B055D3}.Debug|x86.ActiveCfg = Debug|x86
		{12EE9166-89E0-4444-ACB8-9125F7B055D3}.Debug|x86.Build.0 = Debug|x86
		{12EE9166-89E0-4444-ACB8-9125F7B055D3}.Release|Any CPU.ActiveCfg = Release|Any CPU
		{12EE9166-89E0-4444-ACB8-9125F7B055D3}.Release|Any CPU.Build.0 = Release|Any CPU
		{12EE9166-89E0-4444-ACB8-9125F7B055D3}.Release|x64.ActiveCfg = Release|x64
		{12EE9166-89E0-4444-ACB8-9125F7B055D3}.Release|x64.Build.0 = Release|x64
		{12EE9166-89E0-4444-ACB8-9125F7B055D3}.Release|x86.ActiveCfg = Release|x86
		{12EE9166-89E0-4444-ACB8-9125F7B055D3}.Release|x86.Build.0 = Release|x86
		{908BDFD7-2B26-4357-AF0A-7276E0790E1B}.Debug|Any CPU.ActiveCfg = Debug|Any CPU
		{908BDFD7-2B26-4357-AF0A-7276E0790E1B}.Debug|Any CPU.Build.0 = Debug|Any CPU
		{908BDFD7-2B26-4357-AF0A-7276E0790E1B}.Debug|x64.ActiveCfg = Debug|x64
		{908BDFD7-2B26-4357-AF0A-7276E0790E1B}.Debug|x64.Build.0 = Debug|x64
		{908BDFD7-2B26-4357-AF0A-7276E0790E1B}.Debug|x86.ActiveCfg = Debug|x86
		{908BDFD7-2B26-4357-AF0A-7276E0790E1B}.Debug|x86.Build.0 = Debug|x86
		{908BDFD7-2B26-4357-AF0A-7276E0790E1B}.Release|Any CPU.ActiveCfg = Release|Any CPU
		{908BDFD7-2B26-4357-AF0A-7276E0790E1B}.Release|Any CPU.Build.0 = Release|Any CPU
		{908BDFD7-2B26-4357-AF0A-7276E0790E1B}.Release|x64.ActiveCfg = Release|x64
		{908BDFD7-2B26-4357-AF0A-7276E0790E1B}.Release|x64.Build.0 = Release|x64
		{908BDFD7-2B26-4357-AF0A-7276E0790E1B}.Release|x86.ActiveCfg = Release|x86
		{908BDFD7-2B26-4357-AF0A-7276E0790E1B}.Release|x86.Build.0 = Release|x86
		{B0B7D5C8-2331-41D2-A5AE-37D51063ED79}.Debug|Any CPU.ActiveCfg = Debug|Any CPU
		{B0B7D5C8-2331-41D2-A5AE-37D51063ED79}.Debug|Any CPU.Build.0 = Debug|Any CPU
		{B0B7D5C8-2331-41D2-A5AE-37D51063ED79}.Debug|x64.ActiveCfg = Debug|x64
		{B0B7D5C8-2331-41D2-A5AE-37D51063ED79}.Debug|x64.Build.0 = Debug|x64
		{B0B7D5C8-2331-41D2-A5AE-37D51063ED79}.Debug|x86.ActiveCfg = Debug|x86
		{B0B7D5C8-2331-41D2-A5AE-37D51063ED79}.Debug|x86.Build.0 = Debug|x86
		{B0B7D5C8-2331-41D2-A5AE-37D51063ED79}.Release|Any CPU.ActiveCfg = Release|Any CPU
		{B0B7D5C8-2331-41D2-A5AE-37D51063ED79}.Release|Any CPU.Build.0 = Release|Any CPU
		{B0B7D5C8-2331-41D2-A5AE-37D51063ED79}.Release|x64.ActiveCfg = Release|x64
		{B0B7D5C8-2331-41D2-A5AE-37D51063ED79}.Release|x64.Build.0 = Release|x64
		{B0B7D5C8-2331-41D2-A5AE-37D51063ED79}.Release|x86.ActiveCfg = Release|x86
		{B0B7D5C8-2331-41D2-A5AE-37D51063ED79}.Release|x86.Build.0 = Release|x86
		{99B01AF5-E4A9-4F62-83A7-D5F445754892}.Debug|Any CPU.ActiveCfg = Debug|Any CPU
		{99B01AF5-E4A9-4F62-83A7-D5F445754892}.Debug|Any CPU.Build.0 = Debug|Any CPU
		{99B01AF5-E4A9-4F62-83A7-D5F445754892}.Debug|x64.ActiveCfg = Debug|x64
		{99B01AF5-E4A9-4F62-83A7-D5F445754892}.Debug|x64.Build.0 = Debug|x64
		{99B01AF5-E4A9-4F62-83A7-D5F445754892}.Debug|x86.ActiveCfg = Debug|x86
		{99B01AF5-E4A9-4F62-83A7-D5F445754892}.Debug|x86.Build.0 = Debug|x86
		{99B01AF5-E4A9-4F62-83A7-D5F445754892}.Release|Any CPU.ActiveCfg = Release|Any CPU
		{99B01AF5-E4A9-4F62-83A7-D5F445754892}.Release|Any CPU.Build.0 = Release|Any CPU
		{99B01AF5-E4A9-4F62-83A7-D5F445754892}.Release|x64.ActiveCfg = Release|x64
		{99B01AF5-E4A9-4F62-83A7-D5F445754892}.Release|x64.Build.0 = Release|x64
		{99B01AF5-E4A9-4F62-83A7-D5F445754892}.Release|x86.ActiveCfg = Release|x86
		{99B01AF5-E4A9-4F62-83A7-D5F445754892}.Release|x86.Build.0 = Release|x86
		{EE7B7D49-6D48-4D1D-8CAC-98B556ED910F}.Debug|Any CPU.ActiveCfg = Debug|Any CPU
		{EE7B7D49-6D48-4D1D-8CAC-98B556ED910F}.Debug|Any CPU.Build.0 = Debug|Any CPU
		{EE7B7D49-6D48-4D1D-8CAC-98B556ED910F}.Debug|x64.ActiveCfg = Debug|x64
		{EE7B7D49-6D48-4D1D-8CAC-98B556ED910F}.Debug|x64.Build.0 = Debug|x64
		{EE7B7D49-6D48-4D1D-8CAC-98B556ED910F}.Debug|x86.ActiveCfg = Debug|x86
		{EE7B7D49-6D48-4D1D-8CAC-98B556ED910F}.Debug|x86.Build.0 = Debug|x86
		{EE7B7D49-6D48-4D1D-8CAC-98B556ED910F}.Release|Any CPU.ActiveCfg = Release|Any CPU
		{EE7B7D49-6D48-4D1D-8CAC-98B556ED910F}.Release|Any CPU.Build.0 = Release|Any CPU
		{EE7B7D49-6D48-4D1D-8CAC-98B556ED910F}.Release|x64.ActiveCfg = Release|x64
		{EE7B7D49-6D48-4D1D-8CAC-98B556ED910F}.Release|x64.Build.0 = Release|x64
		{EE7B7D49-6D48-4D1D-8CAC-98B556ED910F}.Release|x86.ActiveCfg = Release|x86
		{EE7B7D49-6D48-4D1D-8CAC-98B556ED910F}.Release|x86.Build.0 = Release|x86
		{8764EE77-22D4-4EAF-91DF-539096C37D6B}.Debug|Any CPU.ActiveCfg = Debug|Any CPU
		{8764EE77-22D4-4EAF-91DF-539096C37D6B}.Debug|Any CPU.Build.0 = Debug|Any CPU
		{8764EE77-22D4-4EAF-91DF-539096C37D6B}.Debug|x64.ActiveCfg = Debug|x64
		{8764EE77-22D4-4EAF-91DF-539096C37D6B}.Debug|x64.Build.0 = Debug|x64
		{8764EE77-22D4-4EAF-91DF-539096C37D6B}.Debug|x86.ActiveCfg = Debug|x86
		{8764EE77-22D4-4EAF-91DF-539096C37D6B}.Debug|x86.Build.0 = Debug|x86
		{8764EE77-22D4-4EAF-91DF-539096C37D6B}.Release|Any CPU.ActiveCfg = Release|Any CPU
		{8764EE77-22D4-4EAF-91DF-539096C37D6B}.Release|Any CPU.Build.0 = Release|Any CPU
		{8764EE77-22D4-4EAF-91DF-539096C37D6B}.Release|x64.ActiveCfg = Release|x64
		{8764EE77-22D4-4EAF-91DF-539096C37D6B}.Release|x64.Build.0 = Release|x64
		{8764EE77-22D4-4EAF-91DF-539096C37D6B}.Release|x86.ActiveCfg = Release|x86
		{8764EE77-22D4-4EAF-91DF-539096C37D6B}.Release|x86.Build.0 = Release|x86
		{5DFB5600-541E-442E-AC35-9A0907C9D61F}.Debug|Any CPU.ActiveCfg = Debug|Any CPU
		{5DFB5600-541E-442E-AC35-9A0907C9D61F}.Debug|Any CPU.Build.0 = Debug|Any CPU
		{5DFB5600-541E-442E-AC35-9A0907C9D61F}.Debug|x64.ActiveCfg = Debug|x64
		{5DFB5600-541E-442E-AC35-9A0907C9D61F}.Debug|x64.Build.0 = Debug|x64
		{5DFB5600-541E-442E-AC35-9A0907C9D61F}.Debug|x86.ActiveCfg = Debug|x86
		{5DFB5600-541E-442E-AC35-9A0907C9D61F}.Debug|x86.Build.0 = Debug|x86
		{5DFB5600-541E-442E-AC35-9A0907C9D61F}.Release|Any CPU.ActiveCfg = Release|Any CPU
		{5DFB5600-541E-442E-AC35-9A0907C9D61F}.Release|Any CPU.Build.0 = Release|Any CPU
		{5DFB5600-541E-442E-AC35-9A0907C9D61F}.Release|x64.ActiveCfg = Release|x64
		{5DFB5600-541E-442E-AC35-9A0907C9D61F}.Release|x64.Build.0 = Release|x64
		{5DFB5600-541E-442E-AC35-9A0907C9D61F}.Release|x86.ActiveCfg = Release|x86
		{5DFB5600-541E-442E-AC35-9A0907C9D61F}.Release|x86.Build.0 = Release|x86
		{1E346E33-D705-45EC-9281-6A468D710F6A}.Debug|Any CPU.ActiveCfg = Debug|Any CPU
		{1E346E33-D705-45EC-9281-6A468D710F6A}.Debug|Any CPU.Build.0 = Debug|Any CPU
		{1E346E33-D705-45EC-9281-6A468D710F6A}.Debug|x64.ActiveCfg = Debug|x64
		{1E346E33-D705-45EC-9281-6A468D710F6A}.Debug|x64.Build.0 = Debug|x64
		{1E346E33-D705-45EC-9281-6A468D710F6A}.Debug|x86.ActiveCfg = Debug|x86
		{1E346E33-D705-45EC-9281-6A468D710F6A}.Debug|x86.Build.0 = Debug|x86
		{1E346E33-D705-45EC-9281-6A468D710F6A}.Release|Any CPU.ActiveCfg = Release|Any CPU
		{1E346E33-D705-45EC-9281-6A468D710F6A}.Release|Any CPU.Build.0 = Release|Any CPU
		{1E346E33-D705-45EC-9281-6A468D710F6A}.Release|x64.ActiveCfg = Release|x64
		{1E346E33-D705-45EC-9281-6A468D710F6A}.Release|x64.Build.0 = Release|x64
		{1E346E33-D705-45EC-9281-6A468D710F6A}.Release|x86.ActiveCfg = Release|x86
		{1E346E33-D705-45EC-9281-6A468D710F6A}.Release|x86.Build.0 = Release|x86
		{5BC8F8EF-64C6-4628-948B-2399AC407FAF}.Debug|Any CPU.ActiveCfg = Debug|Any CPU
		{5BC8F8EF-64C6-4628-948B-2399AC407FAF}.Debug|Any CPU.Build.0 = Debug|Any CPU
		{5BC8F8EF-64C6-4628-948B-2399AC407FAF}.Debug|x64.ActiveCfg = Debug|x64
		{5BC8F8EF-64C6-4628-948B-2399AC407FAF}.Debug|x64.Build.0 = Debug|x64
		{5BC8F8EF-64C6-4628-948B-2399AC407FAF}.Debug|x86.ActiveCfg = Debug|x86
		{5BC8F8EF-64C6-4628-948B-2399AC407FAF}.Debug|x86.Build.0 = Debug|x86
		{5BC8F8EF-64C6-4628-948B-2399AC407FAF}.Release|Any CPU.ActiveCfg = Release|Any CPU
		{5BC8F8EF-64C6-4628-948B-2399AC407FAF}.Release|Any CPU.Build.0 = Release|Any CPU
		{5BC8F8EF-64C6-4628-948B-2399AC407FAF}.Release|x64.ActiveCfg = Release|x64
		{5BC8F8EF-64C6-4628-948B-2399AC407FAF}.Release|x64.Build.0 = Release|x64
		{5BC8F8EF-64C6-4628-948B-2399AC407FAF}.Release|x86.ActiveCfg = Release|x86
		{5BC8F8EF-64C6-4628-948B-2399AC407FAF}.Release|x86.Build.0 = Release|x86
		{3A54539E-6EE3-490C-A9B6-52ECE36705D6}.Debug|Any CPU.ActiveCfg = Debug|Any CPU
		{3A54539E-6EE3-490C-A9B6-52ECE36705D6}.Debug|Any CPU.Build.0 = Debug|Any CPU
		{3A54539E-6EE3-490C-A9B6-52ECE36705D6}.Debug|x64.ActiveCfg = Debug|x64
		{3A54539E-6EE3-490C-A9B6-52ECE36705D6}.Debug|x64.Build.0 = Debug|x64
		{3A54539E-6EE3-490C-A9B6-52ECE36705D6}.Debug|x86.ActiveCfg = Debug|x86
		{3A54539E-6EE3-490C-A9B6-52ECE36705D6}.Debug|x86.Build.0 = Debug|x86
		{3A54539E-6EE3-490C-A9B6-52ECE36705D6}.Release|Any CPU.ActiveCfg = Release|Any CPU
		{3A54539E-6EE3-490C-A9B6-52ECE36705D6}.Release|Any CPU.Build.0 = Release|Any CPU
		{3A54539E-6EE3-490C-A9B6-52ECE36705D6}.Release|x64.ActiveCfg = Release|x64
		{3A54539E-6EE3-490C-A9B6-52ECE36705D6}.Release|x64.Build.0 = Release|x64
		{3A54539E-6EE3-490C-A9B6-52ECE36705D6}.Release|x86.ActiveCfg = Release|x86
		{3A54539E-6EE3-490C-A9B6-52ECE36705D6}.Release|x86.Build.0 = Release|x86
		{CBBDE812-BAD5-4A2E-9BC5-B93020EB1D02}.Debug|Any CPU.ActiveCfg = Debug|Any CPU
		{CBBDE812-BAD5-4A2E-9BC5-B93020EB1D02}.Debug|Any CPU.Build.0 = Debug|Any CPU
		{CBBDE812-BAD5-4A2E-9BC5-B93020EB1D02}.Debug|x64.ActiveCfg = Debug|x64
		{CBBDE812-BAD5-4A2E-9BC5-B93020EB1D02}.Debug|x64.Build.0 = Debug|x64
		{CBBDE812-BAD5-4A2E-9BC5-B93020EB1D02}.Debug|x86.ActiveCfg = Debug|x86
		{CBBDE812-BAD5-4A2E-9BC5-B93020EB1D02}.Debug|x86.Build.0 = Debug|x86
		{CBBDE812-BAD5-4A2E-9BC5-B93020EB1D02}.Release|Any CPU.ActiveCfg = Release|Any CPU
		{CBBDE812-BAD5-4A2E-9BC5-B93020EB1D02}.Release|Any CPU.Build.0 = Release|Any CPU
		{CBBDE812-BAD5-4A2E-9BC5-B93020EB1D02}.Release|x64.ActiveCfg = Release|x64
		{CBBDE812-BAD5-4A2E-9BC5-B93020EB1D02}.Release|x64.Build.0 = Release|x64
		{CBBDE812-BAD5-4A2E-9BC5-B93020EB1D02}.Release|x86.ActiveCfg = Release|x86
		{CBBDE812-BAD5-4A2E-9BC5-B93020EB1D02}.Release|x86.Build.0 = Release|x86
		{D24EAA1F-99E9-4FAE-8FF8-7F2185471628}.Debug|Any CPU.ActiveCfg = Debug|Any CPU
		{D24EAA1F-99E9-4FAE-8FF8-7F2185471628}.Debug|Any CPU.Build.0 = Debug|Any CPU
		{D24EAA1F-99E9-4FAE-8FF8-7F2185471628}.Debug|x64.ActiveCfg = Debug|x64
		{D24EAA1F-99E9-4FAE-8FF8-7F2185471628}.Debug|x64.Build.0 = Debug|x64
		{D24EAA1F-99E9-4FAE-8FF8-7F2185471628}.Debug|x86.ActiveCfg = Debug|x86
		{D24EAA1F-99E9-4FAE-8FF8-7F2185471628}.Debug|x86.Build.0 = Debug|x86
		{D24EAA1F-99E9-4FAE-8FF8-7F2185471628}.Release|Any CPU.ActiveCfg = Release|Any CPU
		{D24EAA1F-99E9-4FAE-8FF8-7F2185471628}.Release|Any CPU.Build.0 = Release|Any CPU
		{D24EAA1F-99E9-4FAE-8FF8-7F2185471628}.Release|x64.ActiveCfg = Release|x64
		{D24EAA1F-99E9-4FAE-8FF8-7F2185471628}.Release|x64.Build.0 = Release|x64
		{D24EAA1F-99E9-4FAE-8FF8-7F2185471628}.Release|x86.ActiveCfg = Release|x86
		{D24EAA1F-99E9-4FAE-8FF8-7F2185471628}.Release|x86.Build.0 = Release|x86
		{29874E0E-B52D-4417-9F10-FD95A52328C5}.Debug|Any CPU.ActiveCfg = Debug|Any CPU
		{29874E0E-B52D-4417-9F10-FD95A52328C5}.Debug|Any CPU.Build.0 = Debug|Any CPU
		{29874E0E-B52D-4417-9F10-FD95A52328C5}.Debug|x64.ActiveCfg = Debug|x64
		{29874E0E-B52D-4417-9F10-FD95A52328C5}.Debug|x64.Build.0 = Debug|x64
		{29874E0E-B52D-4417-9F10-FD95A52328C5}.Debug|x86.ActiveCfg = Debug|x86
		{29874E0E-B52D-4417-9F10-FD95A52328C5}.Debug|x86.Build.0 = Debug|x86
		{29874E0E-B52D-4417-9F10-FD95A52328C5}.Release|Any CPU.ActiveCfg = Release|Any CPU
		{29874E0E-B52D-4417-9F10-FD95A52328C5}.Release|Any CPU.Build.0 = Release|Any CPU
		{29874E0E-B52D-4417-9F10-FD95A52328C5}.Release|x64.ActiveCfg = Release|x64
		{29874E0E-B52D-4417-9F10-FD95A52328C5}.Release|x64.Build.0 = Release|x64
		{29874E0E-B52D-4417-9F10-FD95A52328C5}.Release|x86.ActiveCfg = Release|x86
		{29874E0E-B52D-4417-9F10-FD95A52328C5}.Release|x86.Build.0 = Release|x86
		{7771F484-0FB5-4BFC-AE36-2C93BBF231B9}.Debug|Any CPU.ActiveCfg = Debug|Any CPU
		{7771F484-0FB5-4BFC-AE36-2C93BBF231B9}.Debug|Any CPU.Build.0 = Debug|Any CPU
		{7771F484-0FB5-4BFC-AE36-2C93BBF231B9}.Debug|x64.ActiveCfg = Debug|x64
		{7771F484-0FB5-4BFC-AE36-2C93BBF231B9}.Debug|x64.Build.0 = Debug|x64
		{7771F484-0FB5-4BFC-AE36-2C93BBF231B9}.Debug|x86.ActiveCfg = Debug|x86
		{7771F484-0FB5-4BFC-AE36-2C93BBF231B9}.Debug|x86.Build.0 = Debug|x86
		{7771F484-0FB5-4BFC-AE36-2C93BBF231B9}.Release|Any CPU.ActiveCfg = Release|Any CPU
		{7771F484-0FB5-4BFC-AE36-2C93BBF231B9}.Release|Any CPU.Build.0 = Release|Any CPU
		{7771F484-0FB5-4BFC-AE36-2C93BBF231B9}.Release|x64.ActiveCfg = Release|x64
		{7771F484-0FB5-4BFC-AE36-2C93BBF231B9}.Release|x64.Build.0 = Release|x64
		{7771F484-0FB5-4BFC-AE36-2C93BBF231B9}.Release|x86.ActiveCfg = Release|x86
		{7771F484-0FB5-4BFC-AE36-2C93BBF231B9}.Release|x86.Build.0 = Release|x86
		{D3DCD390-ED8C-41B1-ACE7-677871F63ADD}.Debug|Any CPU.ActiveCfg = Debug|Any CPU
		{D3DCD390-ED8C-41B1-ACE7-677871F63ADD}.Debug|Any CPU.Build.0 = Debug|Any CPU
		{D3DCD390-ED8C-41B1-ACE7-677871F63ADD}.Debug|x64.ActiveCfg = Debug|x64
		{D3DCD390-ED8C-41B1-ACE7-677871F63ADD}.Debug|x64.Build.0 = Debug|x64
		{D3DCD390-ED8C-41B1-ACE7-677871F63ADD}.Debug|x86.ActiveCfg = Debug|x86
		{D3DCD390-ED8C-41B1-ACE7-677871F63ADD}.Debug|x86.Build.0 = Debug|x86
		{D3DCD390-ED8C-41B1-ACE7-677871F63ADD}.Release|Any CPU.ActiveCfg = Release|Any CPU
		{D3DCD390-ED8C-41B1-ACE7-677871F63ADD}.Release|Any CPU.Build.0 = Release|Any CPU
		{D3DCD390-ED8C-41B1-ACE7-677871F63ADD}.Release|x64.ActiveCfg = Release|x64
		{D3DCD390-ED8C-41B1-ACE7-677871F63ADD}.Release|x64.Build.0 = Release|x64
		{D3DCD390-ED8C-41B1-ACE7-677871F63ADD}.Release|x86.ActiveCfg = Release|x86
		{D3DCD390-ED8C-41B1-ACE7-677871F63ADD}.Release|x86.Build.0 = Release|x86
		{BBBC0E5F-9B16-4BCB-811E-948D4C3ADE8A}.Debug|Any CPU.ActiveCfg = Debug|Any CPU
		{BBBC0E5F-9B16-4BCB-811E-948D4C3ADE8A}.Debug|Any CPU.Build.0 = Debug|Any CPU
		{BBBC0E5F-9B16-4BCB-811E-948D4C3ADE8A}.Debug|x64.ActiveCfg = Debug|x64
		{BBBC0E5F-9B16-4BCB-811E-948D4C3ADE8A}.Debug|x64.Build.0 = Debug|x64
		{BBBC0E5F-9B16-4BCB-811E-948D4C3ADE8A}.Debug|x86.ActiveCfg = Debug|x86
		{BBBC0E5F-9B16-4BCB-811E-948D4C3ADE8A}.Debug|x86.Build.0 = Debug|x86
		{BBBC0E5F-9B16-4BCB-811E-948D4C3ADE8A}.Release|Any CPU.ActiveCfg = Release|Any CPU
		{BBBC0E5F-9B16-4BCB-811E-948D4C3ADE8A}.Release|Any CPU.Build.0 = Release|Any CPU
		{BBBC0E5F-9B16-4BCB-811E-948D4C3ADE8A}.Release|x64.ActiveCfg = Release|x64
		{BBBC0E5F-9B16-4BCB-811E-948D4C3ADE8A}.Release|x64.Build.0 = Release|x64
		{BBBC0E5F-9B16-4BCB-811E-948D4C3ADE8A}.Release|x86.ActiveCfg = Release|x86
		{BBBC0E5F-9B16-4BCB-811E-948D4C3ADE8A}.Release|x86.Build.0 = Release|x86
		{825234E2-5E5F-4C11-B040-8047200E3748}.Debug|Any CPU.ActiveCfg = Debug|Any CPU
		{825234E2-5E5F-4C11-B040-8047200E3748}.Debug|Any CPU.Build.0 = Debug|Any CPU
		{825234E2-5E5F-4C11-B040-8047200E3748}.Debug|x64.ActiveCfg = Debug|x64
		{825234E2-5E5F-4C11-B040-8047200E3748}.Debug|x64.Build.0 = Debug|x64
		{825234E2-5E5F-4C11-B040-8047200E3748}.Debug|x86.ActiveCfg = Debug|x86
		{825234E2-5E5F-4C11-B040-8047200E3748}.Debug|x86.Build.0 = Debug|x86
		{825234E2-5E5F-4C11-B040-8047200E3748}.Release|Any CPU.ActiveCfg = Release|Any CPU
		{825234E2-5E5F-4C11-B040-8047200E3748}.Release|Any CPU.Build.0 = Release|Any CPU
		{825234E2-5E5F-4C11-B040-8047200E3748}.Release|x64.ActiveCfg = Release|x64
		{825234E2-5E5F-4C11-B040-8047200E3748}.Release|x64.Build.0 = Release|x64
		{825234E2-5E5F-4C11-B040-8047200E3748}.Release|x86.ActiveCfg = Release|x86
		{825234E2-5E5F-4C11-B040-8047200E3748}.Release|x86.Build.0 = Release|x86
		{583FB767-3C78-4867-BE1E-491618A7019C}.Debug|Any CPU.ActiveCfg = Debug|Any CPU
		{583FB767-3C78-4867-BE1E-491618A7019C}.Debug|Any CPU.Build.0 = Debug|Any CPU
		{583FB767-3C78-4867-BE1E-491618A7019C}.Debug|x64.ActiveCfg = Debug|x64
		{583FB767-3C78-4867-BE1E-491618A7019C}.Debug|x64.Build.0 = Debug|x64
		{583FB767-3C78-4867-BE1E-491618A7019C}.Debug|x86.ActiveCfg = Debug|x86
		{583FB767-3C78-4867-BE1E-491618A7019C}.Debug|x86.Build.0 = Debug|x86
		{583FB767-3C78-4867-BE1E-491618A7019C}.Release|Any CPU.ActiveCfg = Release|Any CPU
		{583FB767-3C78-4867-BE1E-491618A7019C}.Release|Any CPU.Build.0 = Release|Any CPU
		{583FB767-3C78-4867-BE1E-491618A7019C}.Release|x64.ActiveCfg = Release|x64
		{583FB767-3C78-4867-BE1E-491618A7019C}.Release|x64.Build.0 = Release|x64
		{583FB767-3C78-4867-BE1E-491618A7019C}.Release|x86.ActiveCfg = Release|x86
		{583FB767-3C78-4867-BE1E-491618A7019C}.Release|x86.Build.0 = Release|x86
		{673DE7CE-C871-4A80-BCD4-5A944A764A48}.Debug|Any CPU.ActiveCfg = Debug|Any CPU
		{673DE7CE-C871-4A80-BCD4-5A944A764A48}.Debug|Any CPU.Build.0 = Debug|Any CPU
		{673DE7CE-C871-4A80-BCD4-5A944A764A48}.Debug|x64.ActiveCfg = Debug|x64
		{673DE7CE-C871-4A80-BCD4-5A944A764A48}.Debug|x64.Build.0 = Debug|x64
		{673DE7CE-C871-4A80-BCD4-5A944A764A48}.Debug|x86.ActiveCfg = Debug|x86
		{673DE7CE-C871-4A80-BCD4-5A944A764A48}.Debug|x86.Build.0 = Debug|x86
		{673DE7CE-C871-4A80-BCD4-5A944A764A48}.Release|Any CPU.ActiveCfg = Release|Any CPU
		{673DE7CE-C871-4A80-BCD4-5A944A764A48}.Release|Any CPU.Build.0 = Release|Any CPU
		{673DE7CE-C871-4A80-BCD4-5A944A764A48}.Release|x64.ActiveCfg = Release|x64
		{673DE7CE-C871-4A80-BCD4-5A944A764A48}.Release|x64.Build.0 = Release|x64
		{673DE7CE-C871-4A80-BCD4-5A944A764A48}.Release|x86.ActiveCfg = Release|x86
		{673DE7CE-C871-4A80-BCD4-5A944A764A48}.Release|x86.Build.0 = Release|x86
		{AE3064EF-A33E-4FB0-AD47-E8CBDA957461}.Debug|Any CPU.ActiveCfg = Debug|Any CPU
		{AE3064EF-A33E-4FB0-AD47-E8CBDA957461}.Debug|Any CPU.Build.0 = Debug|Any CPU
		{AE3064EF-A33E-4FB0-AD47-E8CBDA957461}.Debug|x64.ActiveCfg = Debug|x64
		{AE3064EF-A33E-4FB0-AD47-E8CBDA957461}.Debug|x64.Build.0 = Debug|x64
		{AE3064EF-A33E-4FB0-AD47-E8CBDA957461}.Debug|x86.ActiveCfg = Debug|x86
		{AE3064EF-A33E-4FB0-AD47-E8CBDA957461}.Debug|x86.Build.0 = Debug|x86
		{AE3064EF-A33E-4FB0-AD47-E8CBDA957461}.Release|Any CPU.ActiveCfg = Release|Any CPU
		{AE3064EF-A33E-4FB0-AD47-E8CBDA957461}.Release|Any CPU.Build.0 = Release|Any CPU
		{AE3064EF-A33E-4FB0-AD47-E8CBDA957461}.Release|x64.ActiveCfg = Release|x64
		{AE3064EF-A33E-4FB0-AD47-E8CBDA957461}.Release|x64.Build.0 = Release|x64
		{AE3064EF-A33E-4FB0-AD47-E8CBDA957461}.Release|x86.ActiveCfg = Release|x86
		{AE3064EF-A33E-4FB0-AD47-E8CBDA957461}.Release|x86.Build.0 = Release|x86
		{510390FF-4710-48D1-AC5D-D6CFF6D43BB6}.Debug|Any CPU.ActiveCfg = Debug|Any CPU
		{510390FF-4710-48D1-AC5D-D6CFF6D43BB6}.Debug|Any CPU.Build.0 = Debug|Any CPU
		{510390FF-4710-48D1-AC5D-D6CFF6D43BB6}.Debug|x64.ActiveCfg = Debug|x64
		{510390FF-4710-48D1-AC5D-D6CFF6D43BB6}.Debug|x64.Build.0 = Debug|x64
		{510390FF-4710-48D1-AC5D-D6CFF6D43BB6}.Debug|x86.ActiveCfg = Debug|x86
		{510390FF-4710-48D1-AC5D-D6CFF6D43BB6}.Debug|x86.Build.0 = Debug|x86
		{510390FF-4710-48D1-AC5D-D6CFF6D43BB6}.Release|Any CPU.ActiveCfg = Release|Any CPU
		{510390FF-4710-48D1-AC5D-D6CFF6D43BB6}.Release|Any CPU.Build.0 = Release|Any CPU
		{510390FF-4710-48D1-AC5D-D6CFF6D43BB6}.Release|x64.ActiveCfg = Release|x64
		{510390FF-4710-48D1-AC5D-D6CFF6D43BB6}.Release|x64.Build.0 = Release|x64
		{510390FF-4710-48D1-AC5D-D6CFF6D43BB6}.Release|x86.ActiveCfg = Release|x86
		{510390FF-4710-48D1-AC5D-D6CFF6D43BB6}.Release|x86.Build.0 = Release|x86
		{A3A52608-2C43-46E7-8805-673E2E3BC5E0}.Debug|Any CPU.ActiveCfg = Debug|Any CPU
		{A3A52608-2C43-46E7-8805-673E2E3BC5E0}.Debug|Any CPU.Build.0 = Debug|Any CPU
		{A3A52608-2C43-46E7-8805-673E2E3BC5E0}.Debug|x64.ActiveCfg = Debug|x64
		{A3A52608-2C43-46E7-8805-673E2E3BC5E0}.Debug|x64.Build.0 = Debug|x64
		{A3A52608-2C43-46E7-8805-673E2E3BC5E0}.Debug|x86.ActiveCfg = Debug|x86
		{A3A52608-2C43-46E7-8805-673E2E3BC5E0}.Debug|x86.Build.0 = Debug|x86
		{A3A52608-2C43-46E7-8805-673E2E3BC5E0}.Release|Any CPU.ActiveCfg = Release|Any CPU
		{A3A52608-2C43-46E7-8805-673E2E3BC5E0}.Release|Any CPU.Build.0 = Release|Any CPU
		{A3A52608-2C43-46E7-8805-673E2E3BC5E0}.Release|x64.ActiveCfg = Release|x64
		{A3A52608-2C43-46E7-8805-673E2E3BC5E0}.Release|x64.Build.0 = Release|x64
		{A3A52608-2C43-46E7-8805-673E2E3BC5E0}.Release|x86.ActiveCfg = Release|x86
		{A3A52608-2C43-46E7-8805-673E2E3BC5E0}.Release|x86.Build.0 = Release|x86
		{B327D115-8C65-40EE-99A2-B9FDD22C88A2}.Debug|Any CPU.ActiveCfg = Debug|Any CPU
		{B327D115-8C65-40EE-99A2-B9FDD22C88A2}.Debug|Any CPU.Build.0 = Debug|Any CPU
		{B327D115-8C65-40EE-99A2-B9FDD22C88A2}.Debug|x64.ActiveCfg = Debug|x64
		{B327D115-8C65-40EE-99A2-B9FDD22C88A2}.Debug|x64.Build.0 = Debug|x64
		{B327D115-8C65-40EE-99A2-B9FDD22C88A2}.Debug|x86.ActiveCfg = Debug|x86
		{B327D115-8C65-40EE-99A2-B9FDD22C88A2}.Debug|x86.Build.0 = Debug|x86
		{B327D115-8C65-40EE-99A2-B9FDD22C88A2}.Release|Any CPU.ActiveCfg = Release|Any CPU
		{B327D115-8C65-40EE-99A2-B9FDD22C88A2}.Release|Any CPU.Build.0 = Release|Any CPU
		{B327D115-8C65-40EE-99A2-B9FDD22C88A2}.Release|x64.ActiveCfg = Release|x64
		{B327D115-8C65-40EE-99A2-B9FDD22C88A2}.Release|x64.Build.0 = Release|x64
		{B327D115-8C65-40EE-99A2-B9FDD22C88A2}.Release|x86.ActiveCfg = Release|x86
		{B327D115-8C65-40EE-99A2-B9FDD22C88A2}.Release|x86.Build.0 = Release|x86
		{2DCDE5B2-CF8D-4D00-86D8-A4F90A716E55}.Debug|Any CPU.ActiveCfg = Debug|Any CPU
		{2DCDE5B2-CF8D-4D00-86D8-A4F90A716E55}.Debug|Any CPU.Build.0 = Debug|Any CPU
		{2DCDE5B2-CF8D-4D00-86D8-A4F90A716E55}.Debug|x64.ActiveCfg = Debug|x64
		{2DCDE5B2-CF8D-4D00-86D8-A4F90A716E55}.Debug|x64.Build.0 = Debug|x64
		{2DCDE5B2-CF8D-4D00-86D8-A4F90A716E55}.Debug|x86.ActiveCfg = Debug|x86
		{2DCDE5B2-CF8D-4D00-86D8-A4F90A716E55}.Debug|x86.Build.0 = Debug|x86
		{2DCDE5B2-CF8D-4D00-86D8-A4F90A716E55}.Release|Any CPU.ActiveCfg = Release|Any CPU
		{2DCDE5B2-CF8D-4D00-86D8-A4F90A716E55}.Release|Any CPU.Build.0 = Release|Any CPU
		{2DCDE5B2-CF8D-4D00-86D8-A4F90A716E55}.Release|x64.ActiveCfg = Release|x64
		{2DCDE5B2-CF8D-4D00-86D8-A4F90A716E55}.Release|x64.Build.0 = Release|x64
		{2DCDE5B2-CF8D-4D00-86D8-A4F90A716E55}.Release|x86.ActiveCfg = Release|x86
		{2DCDE5B2-CF8D-4D00-86D8-A4F90A716E55}.Release|x86.Build.0 = Release|x86
		{4361C75A-99CA-4DD3-BC73-7DFE2B656343}.Debug|Any CPU.ActiveCfg = Debug|Any CPU
		{4361C75A-99CA-4DD3-BC73-7DFE2B656343}.Debug|Any CPU.Build.0 = Debug|Any CPU
		{4361C75A-99CA-4DD3-BC73-7DFE2B656343}.Debug|x64.ActiveCfg = Debug|x64
		{4361C75A-99CA-4DD3-BC73-7DFE2B656343}.Debug|x64.Build.0 = Debug|x64
		{4361C75A-99CA-4DD3-BC73-7DFE2B656343}.Debug|x86.ActiveCfg = Debug|x86
		{4361C75A-99CA-4DD3-BC73-7DFE2B656343}.Debug|x86.Build.0 = Debug|x86
		{4361C75A-99CA-4DD3-BC73-7DFE2B656343}.Release|Any CPU.ActiveCfg = Release|Any CPU
		{4361C75A-99CA-4DD3-BC73-7DFE2B656343}.Release|Any CPU.Build.0 = Release|Any CPU
		{4361C75A-99CA-4DD3-BC73-7DFE2B656343}.Release|x64.ActiveCfg = Release|x64
		{4361C75A-99CA-4DD3-BC73-7DFE2B656343}.Release|x64.Build.0 = Release|x64
		{4361C75A-99CA-4DD3-BC73-7DFE2B656343}.Release|x86.ActiveCfg = Release|x86
		{4361C75A-99CA-4DD3-BC73-7DFE2B656343}.Release|x86.Build.0 = Release|x86
		{41D42A1A-5A37-43F1-91C0-9A28FBB075F3}.Debug|Any CPU.ActiveCfg = Debug|Any CPU
		{41D42A1A-5A37-43F1-91C0-9A28FBB075F3}.Debug|Any CPU.Build.0 = Debug|Any CPU
		{41D42A1A-5A37-43F1-91C0-9A28FBB075F3}.Debug|x64.ActiveCfg = Debug|x64
		{41D42A1A-5A37-43F1-91C0-9A28FBB075F3}.Debug|x64.Build.0 = Debug|x64
		{41D42A1A-5A37-43F1-91C0-9A28FBB075F3}.Debug|x86.ActiveCfg = Debug|x86
		{41D42A1A-5A37-43F1-91C0-9A28FBB075F3}.Debug|x86.Build.0 = Debug|x86
		{41D42A1A-5A37-43F1-91C0-9A28FBB075F3}.Release|Any CPU.ActiveCfg = Release|Any CPU
		{41D42A1A-5A37-43F1-91C0-9A28FBB075F3}.Release|Any CPU.Build.0 = Release|Any CPU
		{41D42A1A-5A37-43F1-91C0-9A28FBB075F3}.Release|x64.ActiveCfg = Release|x64
		{41D42A1A-5A37-43F1-91C0-9A28FBB075F3}.Release|x64.Build.0 = Release|x64
		{41D42A1A-5A37-43F1-91C0-9A28FBB075F3}.Release|x86.ActiveCfg = Release|x86
		{41D42A1A-5A37-43F1-91C0-9A28FBB075F3}.Release|x86.Build.0 = Release|x86
		{F99EB65C-A3F9-4368-8CAD-B7EF627223EA}.Debug|Any CPU.ActiveCfg = Debug|Any CPU
		{F99EB65C-A3F9-4368-8CAD-B7EF627223EA}.Debug|Any CPU.Build.0 = Debug|Any CPU
		{F99EB65C-A3F9-4368-8CAD-B7EF627223EA}.Debug|x64.ActiveCfg = Debug|x64
		{F99EB65C-A3F9-4368-8CAD-B7EF627223EA}.Debug|x64.Build.0 = Debug|x64
		{F99EB65C-A3F9-4368-8CAD-B7EF627223EA}.Debug|x86.ActiveCfg = Debug|x86
		{F99EB65C-A3F9-4368-8CAD-B7EF627223EA}.Debug|x86.Build.0 = Debug|x86
		{F99EB65C-A3F9-4368-8CAD-B7EF627223EA}.Release|Any CPU.ActiveCfg = Release|Any CPU
		{F99EB65C-A3F9-4368-8CAD-B7EF627223EA}.Release|Any CPU.Build.0 = Release|Any CPU
		{F99EB65C-A3F9-4368-8CAD-B7EF627223EA}.Release|x64.ActiveCfg = Release|x64
		{F99EB65C-A3F9-4368-8CAD-B7EF627223EA}.Release|x64.Build.0 = Release|x64
		{F99EB65C-A3F9-4368-8CAD-B7EF627223EA}.Release|x86.ActiveCfg = Release|x86
		{F99EB65C-A3F9-4368-8CAD-B7EF627223EA}.Release|x86.Build.0 = Release|x86
		{009517CD-83C2-432F-963E-8BF75C9AB8BE}.Debug|Any CPU.ActiveCfg = Debug|Any CPU
		{009517CD-83C2-432F-963E-8BF75C9AB8BE}.Debug|Any CPU.Build.0 = Debug|Any CPU
		{009517CD-83C2-432F-963E-8BF75C9AB8BE}.Debug|x64.ActiveCfg = Debug|x64
		{009517CD-83C2-432F-963E-8BF75C9AB8BE}.Debug|x64.Build.0 = Debug|x64
		{009517CD-83C2-432F-963E-8BF75C9AB8BE}.Debug|x86.ActiveCfg = Debug|x86
		{009517CD-83C2-432F-963E-8BF75C9AB8BE}.Debug|x86.Build.0 = Debug|x86
		{009517CD-83C2-432F-963E-8BF75C9AB8BE}.Release|Any CPU.ActiveCfg = Release|Any CPU
		{009517CD-83C2-432F-963E-8BF75C9AB8BE}.Release|Any CPU.Build.0 = Release|Any CPU
		{009517CD-83C2-432F-963E-8BF75C9AB8BE}.Release|x64.ActiveCfg = Release|x64
		{009517CD-83C2-432F-963E-8BF75C9AB8BE}.Release|x64.Build.0 = Release|x64
		{009517CD-83C2-432F-963E-8BF75C9AB8BE}.Release|x86.ActiveCfg = Release|x86
		{009517CD-83C2-432F-963E-8BF75C9AB8BE}.Release|x86.Build.0 = Release|x86
		{349B4158-6F70-47B6-9CD5-C50FA934F420}.Debug|Any CPU.ActiveCfg = Debug|Any CPU
		{349B4158-6F70-47B6-9CD5-C50FA934F420}.Debug|Any CPU.Build.0 = Debug|Any CPU
		{349B4158-6F70-47B6-9CD5-C50FA934F420}.Debug|x64.ActiveCfg = Debug|x64
		{349B4158-6F70-47B6-9CD5-C50FA934F420}.Debug|x64.Build.0 = Debug|x64
		{349B4158-6F70-47B6-9CD5-C50FA934F420}.Debug|x86.ActiveCfg = Debug|x86
		{349B4158-6F70-47B6-9CD5-C50FA934F420}.Debug|x86.Build.0 = Debug|x86
		{349B4158-6F70-47B6-9CD5-C50FA934F420}.Release|Any CPU.ActiveCfg = Release|Any CPU
		{349B4158-6F70-47B6-9CD5-C50FA934F420}.Release|Any CPU.Build.0 = Release|Any CPU
		{349B4158-6F70-47B6-9CD5-C50FA934F420}.Release|x64.ActiveCfg = Release|x64
		{349B4158-6F70-47B6-9CD5-C50FA934F420}.Release|x64.Build.0 = Release|x64
		{349B4158-6F70-47B6-9CD5-C50FA934F420}.Release|x86.ActiveCfg = Release|x86
		{349B4158-6F70-47B6-9CD5-C50FA934F420}.Release|x86.Build.0 = Release|x86
		{58BE85D7-49B4-4BD1-85FD-82D8F7D1CDDA}.Debug|Any CPU.ActiveCfg = Debug|Any CPU
		{58BE85D7-49B4-4BD1-85FD-82D8F7D1CDDA}.Debug|Any CPU.Build.0 = Debug|Any CPU
		{58BE85D7-49B4-4BD1-85FD-82D8F7D1CDDA}.Debug|x64.ActiveCfg = Debug|x64
		{58BE85D7-49B4-4BD1-85FD-82D8F7D1CDDA}.Debug|x64.Build.0 = Debug|x64
		{58BE85D7-49B4-4BD1-85FD-82D8F7D1CDDA}.Debug|x86.ActiveCfg = Debug|x86
		{58BE85D7-49B4-4BD1-85FD-82D8F7D1CDDA}.Debug|x86.Build.0 = Debug|x86
		{58BE85D7-49B4-4BD1-85FD-82D8F7D1CDDA}.Release|Any CPU.ActiveCfg = Release|Any CPU
		{58BE85D7-49B4-4BD1-85FD-82D8F7D1CDDA}.Release|Any CPU.Build.0 = Release|Any CPU
		{58BE85D7-49B4-4BD1-85FD-82D8F7D1CDDA}.Release|x64.ActiveCfg = Release|x64
		{58BE85D7-49B4-4BD1-85FD-82D8F7D1CDDA}.Release|x64.Build.0 = Release|x64
		{58BE85D7-49B4-4BD1-85FD-82D8F7D1CDDA}.Release|x86.ActiveCfg = Release|x86
		{58BE85D7-49B4-4BD1-85FD-82D8F7D1CDDA}.Release|x86.Build.0 = Release|x86
		{DF83FE95-2C95-4AD8-A798-D0435A337F55}.Debug|Any CPU.ActiveCfg = Debug|Any CPU
		{DF83FE95-2C95-4AD8-A798-D0435A337F55}.Debug|Any CPU.Build.0 = Debug|Any CPU
		{DF83FE95-2C95-4AD8-A798-D0435A337F55}.Debug|x64.ActiveCfg = Debug|x64
		{DF83FE95-2C95-4AD8-A798-D0435A337F55}.Debug|x64.Build.0 = Debug|x64
		{DF83FE95-2C95-4AD8-A798-D0435A337F55}.Debug|x86.ActiveCfg = Debug|x86
		{DF83FE95-2C95-4AD8-A798-D0435A337F55}.Debug|x86.Build.0 = Debug|x86
		{DF83FE95-2C95-4AD8-A798-D0435A337F55}.Release|Any CPU.ActiveCfg = Release|Any CPU
		{DF83FE95-2C95-4AD8-A798-D0435A337F55}.Release|Any CPU.Build.0 = Release|Any CPU
		{DF83FE95-2C95-4AD8-A798-D0435A337F55}.Release|x64.ActiveCfg = Release|x64
		{DF83FE95-2C95-4AD8-A798-D0435A337F55}.Release|x64.Build.0 = Release|x64
		{DF83FE95-2C95-4AD8-A798-D0435A337F55}.Release|x86.ActiveCfg = Release|x86
		{DF83FE95-2C95-4AD8-A798-D0435A337F55}.Release|x86.Build.0 = Release|x86
		{0F16CEE1-2928-470A-ABC0-D82467BD1107}.Debug|Any CPU.ActiveCfg = Debug|Any CPU
		{0F16CEE1-2928-470A-ABC0-D82467BD1107}.Debug|Any CPU.Build.0 = Debug|Any CPU
		{0F16CEE1-2928-470A-ABC0-D82467BD1107}.Debug|x64.ActiveCfg = Debug|x64
		{0F16CEE1-2928-470A-ABC0-D82467BD1107}.Debug|x64.Build.0 = Debug|x64
		{0F16CEE1-2928-470A-ABC0-D82467BD1107}.Debug|x86.ActiveCfg = Debug|x86
		{0F16CEE1-2928-470A-ABC0-D82467BD1107}.Debug|x86.Build.0 = Debug|x86
		{0F16CEE1-2928-470A-ABC0-D82467BD1107}.Release|Any CPU.ActiveCfg = Release|Any CPU
		{0F16CEE1-2928-470A-ABC0-D82467BD1107}.Release|Any CPU.Build.0 = Release|Any CPU
		{0F16CEE1-2928-470A-ABC0-D82467BD1107}.Release|x64.ActiveCfg = Release|x64
		{0F16CEE1-2928-470A-ABC0-D82467BD1107}.Release|x64.Build.0 = Release|x64
		{0F16CEE1-2928-470A-ABC0-D82467BD1107}.Release|x86.ActiveCfg = Release|x86
		{0F16CEE1-2928-470A-ABC0-D82467BD1107}.Release|x86.Build.0 = Release|x86
		{DE977244-3B8B-46D9-AAFF-877247B42139}.Debug|Any CPU.ActiveCfg = Debug|Any CPU
		{DE977244-3B8B-46D9-AAFF-877247B42139}.Debug|Any CPU.Build.0 = Debug|Any CPU
		{DE977244-3B8B-46D9-AAFF-877247B42139}.Debug|x64.ActiveCfg = Debug|x64
		{DE977244-3B8B-46D9-AAFF-877247B42139}.Debug|x64.Build.0 = Debug|x64
		{DE977244-3B8B-46D9-AAFF-877247B42139}.Debug|x86.ActiveCfg = Debug|x86
		{DE977244-3B8B-46D9-AAFF-877247B42139}.Debug|x86.Build.0 = Debug|x86
		{DE977244-3B8B-46D9-AAFF-877247B42139}.Release|Any CPU.ActiveCfg = Release|Any CPU
		{DE977244-3B8B-46D9-AAFF-877247B42139}.Release|Any CPU.Build.0 = Release|Any CPU
		{DE977244-3B8B-46D9-AAFF-877247B42139}.Release|x64.ActiveCfg = Release|x64
		{DE977244-3B8B-46D9-AAFF-877247B42139}.Release|x64.Build.0 = Release|x64
		{DE977244-3B8B-46D9-AAFF-877247B42139}.Release|x86.ActiveCfg = Release|x86
		{DE977244-3B8B-46D9-AAFF-877247B42139}.Release|x86.Build.0 = Release|x86
		{F2BBC0ED-C20A-4DCA-8CC6-20DD0CB40C4A}.Debug|Any CPU.ActiveCfg = Debug|Any CPU
		{F2BBC0ED-C20A-4DCA-8CC6-20DD0CB40C4A}.Debug|Any CPU.Build.0 = Debug|Any CPU
		{F2BBC0ED-C20A-4DCA-8CC6-20DD0CB40C4A}.Debug|x64.ActiveCfg = Debug|x64
		{F2BBC0ED-C20A-4DCA-8CC6-20DD0CB40C4A}.Debug|x64.Build.0 = Debug|x64
		{F2BBC0ED-C20A-4DCA-8CC6-20DD0CB40C4A}.Debug|x86.ActiveCfg = Debug|x86
		{F2BBC0ED-C20A-4DCA-8CC6-20DD0CB40C4A}.Debug|x86.Build.0 = Debug|x86
		{F2BBC0ED-C20A-4DCA-8CC6-20DD0CB40C4A}.Release|Any CPU.ActiveCfg = Release|Any CPU
		{F2BBC0ED-C20A-4DCA-8CC6-20DD0CB40C4A}.Release|Any CPU.Build.0 = Release|Any CPU
		{F2BBC0ED-C20A-4DCA-8CC6-20DD0CB40C4A}.Release|x64.ActiveCfg = Release|x64
		{F2BBC0ED-C20A-4DCA-8CC6-20DD0CB40C4A}.Release|x64.Build.0 = Release|x64
		{F2BBC0ED-C20A-4DCA-8CC6-20DD0CB40C4A}.Release|x86.ActiveCfg = Release|x86
		{F2BBC0ED-C20A-4DCA-8CC6-20DD0CB40C4A}.Release|x86.Build.0 = Release|x86
		{3CD12FFB-D4A2-4202-9486-26D6F5286B13}.Debug|Any CPU.ActiveCfg = Debug|Any CPU
		{3CD12FFB-D4A2-4202-9486-26D6F5286B13}.Debug|Any CPU.Build.0 = Debug|Any CPU
		{3CD12FFB-D4A2-4202-9486-26D6F5286B13}.Debug|x64.ActiveCfg = Debug|x64
		{3CD12FFB-D4A2-4202-9486-26D6F5286B13}.Debug|x64.Build.0 = Debug|x64
		{3CD12FFB-D4A2-4202-9486-26D6F5286B13}.Debug|x86.ActiveCfg = Debug|x86
		{3CD12FFB-D4A2-4202-9486-26D6F5286B13}.Debug|x86.Build.0 = Debug|x86
		{3CD12FFB-D4A2-4202-9486-26D6F5286B13}.Release|Any CPU.ActiveCfg = Release|Any CPU
		{3CD12FFB-D4A2-4202-9486-26D6F5286B13}.Release|Any CPU.Build.0 = Release|Any CPU
		{3CD12FFB-D4A2-4202-9486-26D6F5286B13}.Release|x64.ActiveCfg = Release|x64
		{3CD12FFB-D4A2-4202-9486-26D6F5286B13}.Release|x64.Build.0 = Release|x64
		{3CD12FFB-D4A2-4202-9486-26D6F5286B13}.Release|x86.ActiveCfg = Release|x86
		{3CD12FFB-D4A2-4202-9486-26D6F5286B13}.Release|x86.Build.0 = Release|x86
		{761BF901-BD75-4BA5-BC7A-4209F83EC66A}.Debug|Any CPU.ActiveCfg = Debug|Any CPU
		{761BF901-BD75-4BA5-BC7A-4209F83EC66A}.Debug|Any CPU.Build.0 = Debug|Any CPU
		{761BF901-BD75-4BA5-BC7A-4209F83EC66A}.Debug|x64.ActiveCfg = Debug|x64
		{761BF901-BD75-4BA5-BC7A-4209F83EC66A}.Debug|x64.Build.0 = Debug|x64
		{761BF901-BD75-4BA5-BC7A-4209F83EC66A}.Debug|x86.ActiveCfg = Debug|x86
		{761BF901-BD75-4BA5-BC7A-4209F83EC66A}.Debug|x86.Build.0 = Debug|x86
		{761BF901-BD75-4BA5-BC7A-4209F83EC66A}.Release|Any CPU.ActiveCfg = Release|Any CPU
		{761BF901-BD75-4BA5-BC7A-4209F83EC66A}.Release|Any CPU.Build.0 = Release|Any CPU
		{761BF901-BD75-4BA5-BC7A-4209F83EC66A}.Release|x64.ActiveCfg = Release|x64
		{761BF901-BD75-4BA5-BC7A-4209F83EC66A}.Release|x64.Build.0 = Release|x64
		{761BF901-BD75-4BA5-BC7A-4209F83EC66A}.Release|x86.ActiveCfg = Release|x86
		{761BF901-BD75-4BA5-BC7A-4209F83EC66A}.Release|x86.Build.0 = Release|x86
		{430334FA-51D2-4C71-9F27-A83F8CFF0C5F}.Debug|Any CPU.ActiveCfg = Debug|Any CPU
		{430334FA-51D2-4C71-9F27-A83F8CFF0C5F}.Debug|Any CPU.Build.0 = Debug|Any CPU
		{430334FA-51D2-4C71-9F27-A83F8CFF0C5F}.Debug|x64.ActiveCfg = Debug|x64
		{430334FA-51D2-4C71-9F27-A83F8CFF0C5F}.Debug|x64.Build.0 = Debug|x64
		{430334FA-51D2-4C71-9F27-A83F8CFF0C5F}.Debug|x86.ActiveCfg = Debug|x86
		{430334FA-51D2-4C71-9F27-A83F8CFF0C5F}.Debug|x86.Build.0 = Debug|x86
		{430334FA-51D2-4C71-9F27-A83F8CFF0C5F}.Release|Any CPU.ActiveCfg = Release|Any CPU
		{430334FA-51D2-4C71-9F27-A83F8CFF0C5F}.Release|Any CPU.Build.0 = Release|Any CPU
		{430334FA-51D2-4C71-9F27-A83F8CFF0C5F}.Release|x64.ActiveCfg = Release|x64
		{430334FA-51D2-4C71-9F27-A83F8CFF0C5F}.Release|x64.Build.0 = Release|x64
		{430334FA-51D2-4C71-9F27-A83F8CFF0C5F}.Release|x86.ActiveCfg = Release|x86
		{430334FA-51D2-4C71-9F27-A83F8CFF0C5F}.Release|x86.Build.0 = Release|x86
		{ED669395-A0BD-4D59-A679-C79176E38595}.Debug|Any CPU.ActiveCfg = Debug|Any CPU
		{ED669395-A0BD-4D59-A679-C79176E38595}.Debug|Any CPU.Build.0 = Debug|Any CPU
		{ED669395-A0BD-4D59-A679-C79176E38595}.Debug|x64.ActiveCfg = Debug|x64
		{ED669395-A0BD-4D59-A679-C79176E38595}.Debug|x64.Build.0 = Debug|x64
		{ED669395-A0BD-4D59-A679-C79176E38595}.Debug|x86.ActiveCfg = Debug|x86
		{ED669395-A0BD-4D59-A679-C79176E38595}.Debug|x86.Build.0 = Debug|x86
		{ED669395-A0BD-4D59-A679-C79176E38595}.Release|Any CPU.ActiveCfg = Release|Any CPU
		{ED669395-A0BD-4D59-A679-C79176E38595}.Release|Any CPU.Build.0 = Release|Any CPU
		{ED669395-A0BD-4D59-A679-C79176E38595}.Release|x64.ActiveCfg = Release|x64
		{ED669395-A0BD-4D59-A679-C79176E38595}.Release|x64.Build.0 = Release|x64
		{ED669395-A0BD-4D59-A679-C79176E38595}.Release|x86.ActiveCfg = Release|x86
		{ED669395-A0BD-4D59-A679-C79176E38595}.Release|x86.Build.0 = Release|x86
		{1E15EFC6-DD30-4783-A539-5E0D350E4D92}.Debug|Any CPU.ActiveCfg = Debug|Any CPU
		{1E15EFC6-DD30-4783-A539-5E0D350E4D92}.Debug|Any CPU.Build.0 = Debug|Any CPU
		{1E15EFC6-DD30-4783-A539-5E0D350E4D92}.Debug|x64.ActiveCfg = Debug|x64
		{1E15EFC6-DD30-4783-A539-5E0D350E4D92}.Debug|x64.Build.0 = Debug|x64
		{1E15EFC6-DD30-4783-A539-5E0D350E4D92}.Debug|x86.ActiveCfg = Debug|x86
		{1E15EFC6-DD30-4783-A539-5E0D350E4D92}.Debug|x86.Build.0 = Debug|x86
		{1E15EFC6-DD30-4783-A539-5E0D350E4D92}.Release|Any CPU.ActiveCfg = Release|Any CPU
		{1E15EFC6-DD30-4783-A539-5E0D350E4D92}.Release|Any CPU.Build.0 = Release|Any CPU
		{1E15EFC6-DD30-4783-A539-5E0D350E4D92}.Release|x64.ActiveCfg = Release|x64
		{1E15EFC6-DD30-4783-A539-5E0D350E4D92}.Release|x64.Build.0 = Release|x64
		{1E15EFC6-DD30-4783-A539-5E0D350E4D92}.Release|x86.ActiveCfg = Release|x86
		{1E15EFC6-DD30-4783-A539-5E0D350E4D92}.Release|x86.Build.0 = Release|x86
		{B82B2A5C-BD84-4DD8-B06C-C8C561C70B24}.Debug|Any CPU.ActiveCfg = Debug|Any CPU
		{B82B2A5C-BD84-4DD8-B06C-C8C561C70B24}.Debug|Any CPU.Build.0 = Debug|Any CPU
		{B82B2A5C-BD84-4DD8-B06C-C8C561C70B24}.Debug|x64.ActiveCfg = Debug|Any CPU
		{B82B2A5C-BD84-4DD8-B06C-C8C561C70B24}.Debug|x64.Build.0 = Debug|Any CPU
		{B82B2A5C-BD84-4DD8-B06C-C8C561C70B24}.Debug|x86.ActiveCfg = Debug|Any CPU
		{B82B2A5C-BD84-4DD8-B06C-C8C561C70B24}.Debug|x86.Build.0 = Debug|Any CPU
		{B82B2A5C-BD84-4DD8-B06C-C8C561C70B24}.Release|Any CPU.ActiveCfg = Release|Any CPU
		{B82B2A5C-BD84-4DD8-B06C-C8C561C70B24}.Release|Any CPU.Build.0 = Release|Any CPU
		{B82B2A5C-BD84-4DD8-B06C-C8C561C70B24}.Release|x64.ActiveCfg = Release|Any CPU
		{B82B2A5C-BD84-4DD8-B06C-C8C561C70B24}.Release|x64.Build.0 = Release|Any CPU
		{B82B2A5C-BD84-4DD8-B06C-C8C561C70B24}.Release|x86.ActiveCfg = Release|Any CPU
		{B82B2A5C-BD84-4DD8-B06C-C8C561C70B24}.Release|x86.Build.0 = Release|Any CPU
		{73D08F55-E44B-49BA-8B2A-7B8F1B9CCC29}.Debug|Any CPU.ActiveCfg = Debug|Any CPU
		{73D08F55-E44B-49BA-8B2A-7B8F1B9CCC29}.Debug|Any CPU.Build.0 = Debug|Any CPU
		{73D08F55-E44B-49BA-8B2A-7B8F1B9CCC29}.Debug|x64.ActiveCfg = Debug|Any CPU
		{73D08F55-E44B-49BA-8B2A-7B8F1B9CCC29}.Debug|x64.Build.0 = Debug|Any CPU
		{73D08F55-E44B-49BA-8B2A-7B8F1B9CCC29}.Debug|x86.ActiveCfg = Debug|Any CPU
		{73D08F55-E44B-49BA-8B2A-7B8F1B9CCC29}.Debug|x86.Build.0 = Debug|Any CPU
		{73D08F55-E44B-49BA-8B2A-7B8F1B9CCC29}.Release|Any CPU.ActiveCfg = Release|Any CPU
		{73D08F55-E44B-49BA-8B2A-7B8F1B9CCC29}.Release|Any CPU.Build.0 = Release|Any CPU
		{73D08F55-E44B-49BA-8B2A-7B8F1B9CCC29}.Release|x64.ActiveCfg = Release|Any CPU
		{73D08F55-E44B-49BA-8B2A-7B8F1B9CCC29}.Release|x64.Build.0 = Release|Any CPU
		{73D08F55-E44B-49BA-8B2A-7B8F1B9CCC29}.Release|x86.ActiveCfg = Release|Any CPU
		{73D08F55-E44B-49BA-8B2A-7B8F1B9CCC29}.Release|x86.Build.0 = Release|Any CPU
		{0350AF9C-0AB5-4246-ADFB-DAD8913A2B93}.Debug|Any CPU.ActiveCfg = Debug|Any CPU
		{0350AF9C-0AB5-4246-ADFB-DAD8913A2B93}.Debug|Any CPU.Build.0 = Debug|Any CPU
		{0350AF9C-0AB5-4246-ADFB-DAD8913A2B93}.Debug|x64.ActiveCfg = Debug|x64
		{0350AF9C-0AB5-4246-ADFB-DAD8913A2B93}.Debug|x64.Build.0 = Debug|x64
		{0350AF9C-0AB5-4246-ADFB-DAD8913A2B93}.Debug|x86.ActiveCfg = Debug|x86
		{0350AF9C-0AB5-4246-ADFB-DAD8913A2B93}.Debug|x86.Build.0 = Debug|x86
		{0350AF9C-0AB5-4246-ADFB-DAD8913A2B93}.Release|Any CPU.ActiveCfg = Release|Any CPU
		{0350AF9C-0AB5-4246-ADFB-DAD8913A2B93}.Release|Any CPU.Build.0 = Release|Any CPU
		{0350AF9C-0AB5-4246-ADFB-DAD8913A2B93}.Release|x64.ActiveCfg = Release|x64
		{0350AF9C-0AB5-4246-ADFB-DAD8913A2B93}.Release|x64.Build.0 = Release|x64
		{0350AF9C-0AB5-4246-ADFB-DAD8913A2B93}.Release|x86.ActiveCfg = Release|x86
		{0350AF9C-0AB5-4246-ADFB-DAD8913A2B93}.Release|x86.Build.0 = Release|x86
		{C9B8EDA9-4D83-41C0-ACF4-5A2F2A262C6D}.Debug|Any CPU.ActiveCfg = Debug|Any CPU
		{C9B8EDA9-4D83-41C0-ACF4-5A2F2A262C6D}.Debug|Any CPU.Build.0 = Debug|Any CPU
		{C9B8EDA9-4D83-41C0-ACF4-5A2F2A262C6D}.Debug|x64.ActiveCfg = Debug|Any CPU
		{C9B8EDA9-4D83-41C0-ACF4-5A2F2A262C6D}.Debug|x64.Build.0 = Debug|Any CPU
		{C9B8EDA9-4D83-41C0-ACF4-5A2F2A262C6D}.Debug|x86.ActiveCfg = Debug|Any CPU
		{C9B8EDA9-4D83-41C0-ACF4-5A2F2A262C6D}.Debug|x86.Build.0 = Debug|Any CPU
		{C9B8EDA9-4D83-41C0-ACF4-5A2F2A262C6D}.Release|Any CPU.ActiveCfg = Release|Any CPU
		{C9B8EDA9-4D83-41C0-ACF4-5A2F2A262C6D}.Release|Any CPU.Build.0 = Release|Any CPU
		{C9B8EDA9-4D83-41C0-ACF4-5A2F2A262C6D}.Release|x64.ActiveCfg = Release|Any CPU
		{C9B8EDA9-4D83-41C0-ACF4-5A2F2A262C6D}.Release|x64.Build.0 = Release|Any CPU
		{C9B8EDA9-4D83-41C0-ACF4-5A2F2A262C6D}.Release|x86.ActiveCfg = Release|Any CPU
		{C9B8EDA9-4D83-41C0-ACF4-5A2F2A262C6D}.Release|x86.Build.0 = Release|Any CPU
		{750C9232-6329-46E6-8225-90FEC7A402D7}.Debug|Any CPU.ActiveCfg = Debug|Any CPU
		{750C9232-6329-46E6-8225-90FEC7A402D7}.Debug|Any CPU.Build.0 = Debug|Any CPU
		{750C9232-6329-46E6-8225-90FEC7A402D7}.Debug|x64.ActiveCfg = Debug|Any CPU
		{750C9232-6329-46E6-8225-90FEC7A402D7}.Debug|x64.Build.0 = Debug|Any CPU
		{750C9232-6329-46E6-8225-90FEC7A402D7}.Debug|x86.ActiveCfg = Debug|Any CPU
		{750C9232-6329-46E6-8225-90FEC7A402D7}.Debug|x86.Build.0 = Debug|Any CPU
		{750C9232-6329-46E6-8225-90FEC7A402D7}.Release|Any CPU.ActiveCfg = Release|Any CPU
		{750C9232-6329-46E6-8225-90FEC7A402D7}.Release|Any CPU.Build.0 = Release|Any CPU
		{750C9232-6329-46E6-8225-90FEC7A402D7}.Release|x64.ActiveCfg = Release|Any CPU
		{750C9232-6329-46E6-8225-90FEC7A402D7}.Release|x64.Build.0 = Release|Any CPU
		{750C9232-6329-46E6-8225-90FEC7A402D7}.Release|x86.ActiveCfg = Release|Any CPU
		{750C9232-6329-46E6-8225-90FEC7A402D7}.Release|x86.Build.0 = Release|Any CPU
		{15D663D4-50B9-41B0-AAA7-C6F76DCB2BB7}.Debug|Any CPU.ActiveCfg = Debug|Any CPU
		{15D663D4-50B9-41B0-AAA7-C6F76DCB2BB7}.Debug|Any CPU.Build.0 = Debug|Any CPU
		{15D663D4-50B9-41B0-AAA7-C6F76DCB2BB7}.Debug|x64.ActiveCfg = Debug|x64
		{15D663D4-50B9-41B0-AAA7-C6F76DCB2BB7}.Debug|x64.Build.0 = Debug|x64
		{15D663D4-50B9-41B0-AAA7-C6F76DCB2BB7}.Debug|x86.ActiveCfg = Debug|x86
		{15D663D4-50B9-41B0-AAA7-C6F76DCB2BB7}.Debug|x86.Build.0 = Debug|x86
		{15D663D4-50B9-41B0-AAA7-C6F76DCB2BB7}.Release|Any CPU.ActiveCfg = Release|Any CPU
		{15D663D4-50B9-41B0-AAA7-C6F76DCB2BB7}.Release|Any CPU.Build.0 = Release|Any CPU
		{15D663D4-50B9-41B0-AAA7-C6F76DCB2BB7}.Release|x64.ActiveCfg = Release|x64
		{15D663D4-50B9-41B0-AAA7-C6F76DCB2BB7}.Release|x64.Build.0 = Release|x64
		{15D663D4-50B9-41B0-AAA7-C6F76DCB2BB7}.Release|x86.ActiveCfg = Release|x86
		{15D663D4-50B9-41B0-AAA7-C6F76DCB2BB7}.Release|x86.Build.0 = Release|x86
		{55BACAE6-605D-4B38-8FCA-BC2B726522A4}.Debug|Any CPU.ActiveCfg = Debug|Any CPU
		{55BACAE6-605D-4B38-8FCA-BC2B726522A4}.Debug|Any CPU.Build.0 = Debug|Any CPU
		{55BACAE6-605D-4B38-8FCA-BC2B726522A4}.Debug|x64.ActiveCfg = Debug|x64
		{55BACAE6-605D-4B38-8FCA-BC2B726522A4}.Debug|x64.Build.0 = Debug|x64
		{55BACAE6-605D-4B38-8FCA-BC2B726522A4}.Debug|x86.ActiveCfg = Debug|x86
		{55BACAE6-605D-4B38-8FCA-BC2B726522A4}.Debug|x86.Build.0 = Debug|x86
		{55BACAE6-605D-4B38-8FCA-BC2B726522A4}.Release|Any CPU.ActiveCfg = Release|Any CPU
		{55BACAE6-605D-4B38-8FCA-BC2B726522A4}.Release|Any CPU.Build.0 = Release|Any CPU
		{55BACAE6-605D-4B38-8FCA-BC2B726522A4}.Release|x64.ActiveCfg = Release|x64
		{55BACAE6-605D-4B38-8FCA-BC2B726522A4}.Release|x64.Build.0 = Release|x64
		{55BACAE6-605D-4B38-8FCA-BC2B726522A4}.Release|x86.ActiveCfg = Release|x86
		{55BACAE6-605D-4B38-8FCA-BC2B726522A4}.Release|x86.Build.0 = Release|x86
		{00FBE982-4B30-478E-B48F-B971EE735351}.Debug|Any CPU.ActiveCfg = Debug|Any CPU
		{00FBE982-4B30-478E-B48F-B971EE735351}.Debug|Any CPU.Build.0 = Debug|Any CPU
		{00FBE982-4B30-478E-B48F-B971EE735351}.Debug|x64.ActiveCfg = Debug|x64
		{00FBE982-4B30-478E-B48F-B971EE735351}.Debug|x64.Build.0 = Debug|x64
		{00FBE982-4B30-478E-B48F-B971EE735351}.Debug|x86.ActiveCfg = Debug|x86
		{00FBE982-4B30-478E-B48F-B971EE735351}.Debug|x86.Build.0 = Debug|x86
		{00FBE982-4B30-478E-B48F-B971EE735351}.Release|Any CPU.ActiveCfg = Release|Any CPU
		{00FBE982-4B30-478E-B48F-B971EE735351}.Release|Any CPU.Build.0 = Release|Any CPU
		{00FBE982-4B30-478E-B48F-B971EE735351}.Release|x64.ActiveCfg = Release|x64
		{00FBE982-4B30-478E-B48F-B971EE735351}.Release|x64.Build.0 = Release|x64
		{00FBE982-4B30-478E-B48F-B971EE735351}.Release|x86.ActiveCfg = Release|x86
		{00FBE982-4B30-478E-B48F-B971EE735351}.Release|x86.Build.0 = Release|x86
		{2345054A-9FEC-4930-A278-49526BB73CF6}.Debug|Any CPU.ActiveCfg = Debug|Any CPU
		{2345054A-9FEC-4930-A278-49526BB73CF6}.Debug|Any CPU.Build.0 = Debug|Any CPU
		{2345054A-9FEC-4930-A278-49526BB73CF6}.Debug|x64.ActiveCfg = Debug|x64
		{2345054A-9FEC-4930-A278-49526BB73CF6}.Debug|x64.Build.0 = Debug|x64
		{2345054A-9FEC-4930-A278-49526BB73CF6}.Debug|x86.ActiveCfg = Debug|x86
		{2345054A-9FEC-4930-A278-49526BB73CF6}.Debug|x86.Build.0 = Debug|x86
		{2345054A-9FEC-4930-A278-49526BB73CF6}.Release|Any CPU.ActiveCfg = Release|Any CPU
		{2345054A-9FEC-4930-A278-49526BB73CF6}.Release|Any CPU.Build.0 = Release|Any CPU
		{2345054A-9FEC-4930-A278-49526BB73CF6}.Release|x64.ActiveCfg = Release|x64
		{2345054A-9FEC-4930-A278-49526BB73CF6}.Release|x64.Build.0 = Release|x64
		{2345054A-9FEC-4930-A278-49526BB73CF6}.Release|x86.ActiveCfg = Release|x86
		{2345054A-9FEC-4930-A278-49526BB73CF6}.Release|x86.Build.0 = Release|x86
		{8BBCF59D-7A4F-48A3-B8B2-5BD0C5CE46A8}.Debug|Any CPU.ActiveCfg = Debug|Any CPU
		{8BBCF59D-7A4F-48A3-B8B2-5BD0C5CE46A8}.Debug|Any CPU.Build.0 = Debug|Any CPU
		{8BBCF59D-7A4F-48A3-B8B2-5BD0C5CE46A8}.Debug|x64.ActiveCfg = Debug|x64
		{8BBCF59D-7A4F-48A3-B8B2-5BD0C5CE46A8}.Debug|x64.Build.0 = Debug|x64
		{8BBCF59D-7A4F-48A3-B8B2-5BD0C5CE46A8}.Debug|x86.ActiveCfg = Debug|x86
		{8BBCF59D-7A4F-48A3-B8B2-5BD0C5CE46A8}.Debug|x86.Build.0 = Debug|x86
		{8BBCF59D-7A4F-48A3-B8B2-5BD0C5CE46A8}.Release|Any CPU.ActiveCfg = Release|Any CPU
		{8BBCF59D-7A4F-48A3-B8B2-5BD0C5CE46A8}.Release|Any CPU.Build.0 = Release|Any CPU
		{8BBCF59D-7A4F-48A3-B8B2-5BD0C5CE46A8}.Release|x64.ActiveCfg = Release|x64
		{8BBCF59D-7A4F-48A3-B8B2-5BD0C5CE46A8}.Release|x64.Build.0 = Release|x64
		{8BBCF59D-7A4F-48A3-B8B2-5BD0C5CE46A8}.Release|x86.ActiveCfg = Release|x86
		{8BBCF59D-7A4F-48A3-B8B2-5BD0C5CE46A8}.Release|x86.Build.0 = Release|x86
		{18024416-CD26-433B-B34B-2B248A57539C}.Debug|Any CPU.ActiveCfg = Debug|Any CPU
		{18024416-CD26-433B-B34B-2B248A57539C}.Debug|Any CPU.Build.0 = Debug|Any CPU
		{18024416-CD26-433B-B34B-2B248A57539C}.Debug|x64.ActiveCfg = Debug|Any CPU
		{18024416-CD26-433B-B34B-2B248A57539C}.Debug|x64.Build.0 = Debug|Any CPU
		{18024416-CD26-433B-B34B-2B248A57539C}.Debug|x86.ActiveCfg = Debug|Any CPU
		{18024416-CD26-433B-B34B-2B248A57539C}.Debug|x86.Build.0 = Debug|Any CPU
		{18024416-CD26-433B-B34B-2B248A57539C}.Release|Any CPU.ActiveCfg = Release|Any CPU
		{18024416-CD26-433B-B34B-2B248A57539C}.Release|Any CPU.Build.0 = Release|Any CPU
		{18024416-CD26-433B-B34B-2B248A57539C}.Release|x64.ActiveCfg = Release|Any CPU
		{18024416-CD26-433B-B34B-2B248A57539C}.Release|x64.Build.0 = Release|Any CPU
		{18024416-CD26-433B-B34B-2B248A57539C}.Release|x86.ActiveCfg = Release|Any CPU
		{18024416-CD26-433B-B34B-2B248A57539C}.Release|x86.Build.0 = Release|Any CPU
	EndGlobalSection
	GlobalSection(SolutionProperties) = preSolution
		HideSolutionNode = FALSE
	EndGlobalSection
	GlobalSection(NestedProjects) = preSolution
		{BE9DCAED-271E-49EB-B2CC-BB4D727AFA21} = {C2F8FF63-7A48-4179-A720-86206C42F496}
		{FF17E3C0-79EB-4585-978F-D77CEFF70BD5} = {C2F8FF63-7A48-4179-A720-86206C42F496}
		{940C6D7A-3D79-4CF1-AC43-1B059A389296} = {C2F8FF63-7A48-4179-A720-86206C42F496}
		{1DB4FC79-FCB0-4186-AB90-693334475938} = {C2F8FF63-7A48-4179-A720-86206C42F496}
		{E769594D-0625-4928-8061-481BF7FFFCFD} = {FCF39E66-4EE0-4265-B8D6-0AD721AF138C}
		{12BA643D-844C-488D-9135-C392A26EE7C1} = {8EA18457-86E2-4D2D-AC9E-2552FDC9676F}
		{BCF48209-64F6-4812-9D7D-3435DD36747E} = {8EA18457-86E2-4D2D-AC9E-2552FDC9676F}
		{F547B4F7-B927-42E8-B285-550E7A61AB0C} = {8EA18457-86E2-4D2D-AC9E-2552FDC9676F}
		{595A0562-D032-4C2A-96F8-0CB8F2A257ED} = {8EA18457-86E2-4D2D-AC9E-2552FDC9676F}
		{4BC82CAE-5908-4772-8AF4-4C87B8922875} = {8EA18457-86E2-4D2D-AC9E-2552FDC9676F}
		{4CF7687D-EB69-480B-A77E-9C880F8C27F1} = {8EA18457-86E2-4D2D-AC9E-2552FDC9676F}
		{4227AB8C-B49D-4830-B502-299CB25114BD} = {8EA18457-86E2-4D2D-AC9E-2552FDC9676F}
		{0943FA25-9B89-4023-81DE-4A320B88EA7F} = {8EA18457-86E2-4D2D-AC9E-2552FDC9676F}
		{12EE9166-89E0-4444-ACB8-9125F7B055D3} = {C2F8FF63-7A48-4179-A720-86206C42F496}
		{908BDFD7-2B26-4357-AF0A-7276E0790E1B} = {C2F8FF63-7A48-4179-A720-86206C42F496}
		{B0B7D5C8-2331-41D2-A5AE-37D51063ED79} = {C2F8FF63-7A48-4179-A720-86206C42F496}
		{99B01AF5-E4A9-4F62-83A7-D5F445754892} = {C2F8FF63-7A48-4179-A720-86206C42F496}
		{EE7B7D49-6D48-4D1D-8CAC-98B556ED910F} = {C2F8FF63-7A48-4179-A720-86206C42F496}
		{8764EE77-22D4-4EAF-91DF-539096C37D6B} = {C2F8FF63-7A48-4179-A720-86206C42F496}
		{5DFB5600-541E-442E-AC35-9A0907C9D61F} = {C2F8FF63-7A48-4179-A720-86206C42F496}
		{1E346E33-D705-45EC-9281-6A468D710F6A} = {C2F8FF63-7A48-4179-A720-86206C42F496}
		{5BC8F8EF-64C6-4628-948B-2399AC407FAF} = {C2F8FF63-7A48-4179-A720-86206C42F496}
		{3A54539E-6EE3-490C-A9B6-52ECE36705D6} = {C2F8FF63-7A48-4179-A720-86206C42F496}
		{CBBDE812-BAD5-4A2E-9BC5-B93020EB1D02} = {C2F8FF63-7A48-4179-A720-86206C42F496}
		{D24EAA1F-99E9-4FAE-8FF8-7F2185471628} = {C2F8FF63-7A48-4179-A720-86206C42F496}
		{29874E0E-B52D-4417-9F10-FD95A52328C5} = {C2F8FF63-7A48-4179-A720-86206C42F496}
		{7771F484-0FB5-4BFC-AE36-2C93BBF231B9} = {C2F8FF63-7A48-4179-A720-86206C42F496}
		{D3DCD390-ED8C-41B1-ACE7-677871F63ADD} = {C2F8FF63-7A48-4179-A720-86206C42F496}
		{BBBC0E5F-9B16-4BCB-811E-948D4C3ADE8A} = {8EA18457-86E2-4D2D-AC9E-2552FDC9676F}
		{825234E2-5E5F-4C11-B040-8047200E3748} = {8EA18457-86E2-4D2D-AC9E-2552FDC9676F}
		{583FB767-3C78-4867-BE1E-491618A7019C} = {8EA18457-86E2-4D2D-AC9E-2552FDC9676F}
		{673DE7CE-C871-4A80-BCD4-5A944A764A48} = {C2F8FF63-7A48-4179-A720-86206C42F496}
		{AE3064EF-A33E-4FB0-AD47-E8CBDA957461} = {C2F8FF63-7A48-4179-A720-86206C42F496}
		{510390FF-4710-48D1-AC5D-D6CFF6D43BB6} = {C2F8FF63-7A48-4179-A720-86206C42F496}
		{A3A52608-2C43-46E7-8805-673E2E3BC5E0} = {C2F8FF63-7A48-4179-A720-86206C42F496}
		{B327D115-8C65-40EE-99A2-B9FDD22C88A2} = {C2F8FF63-7A48-4179-A720-86206C42F496}
		{2DCDE5B2-CF8D-4D00-86D8-A4F90A716E55} = {8EA18457-86E2-4D2D-AC9E-2552FDC9676F}
		{4361C75A-99CA-4DD3-BC73-7DFE2B656343} = {C2F8FF63-7A48-4179-A720-86206C42F496}
		{41D42A1A-5A37-43F1-91C0-9A28FBB075F3} = {8EA18457-86E2-4D2D-AC9E-2552FDC9676F}
		{F99EB65C-A3F9-4368-8CAD-B7EF627223EA} = {C2F8FF63-7A48-4179-A720-86206C42F496}
		{009517CD-83C2-432F-963E-8BF75C9AB8BE} = {C2F8FF63-7A48-4179-A720-86206C42F496}
		{349B4158-6F70-47B6-9CD5-C50FA934F420} = {C2F8FF63-7A48-4179-A720-86206C42F496}
		{58BE85D7-49B4-4BD1-85FD-82D8F7D1CDDA} = {8EA18457-86E2-4D2D-AC9E-2552FDC9676F}
		{DF83FE95-2C95-4AD8-A798-D0435A337F55} = {C2F8FF63-7A48-4179-A720-86206C42F496}
		{0F16CEE1-2928-470A-ABC0-D82467BD1107} = {8EA18457-86E2-4D2D-AC9E-2552FDC9676F}
		{DE977244-3B8B-46D9-AAFF-877247B42139} = {8EA18457-86E2-4D2D-AC9E-2552FDC9676F}
		{F2BBC0ED-C20A-4DCA-8CC6-20DD0CB40C4A} = {8EA18457-86E2-4D2D-AC9E-2552FDC9676F}
		{3CD12FFB-D4A2-4202-9486-26D6F5286B13} = {8EA18457-86E2-4D2D-AC9E-2552FDC9676F}
		{761BF901-BD75-4BA5-BC7A-4209F83EC66A} = {C2F8FF63-7A48-4179-A720-86206C42F496}
		{430334FA-51D2-4C71-9F27-A83F8CFF0C5F} = {C2F8FF63-7A48-4179-A720-86206C42F496}
		{ED669395-A0BD-4D59-A679-C79176E38595} = {8EA18457-86E2-4D2D-AC9E-2552FDC9676F}
		{1E15EFC6-DD30-4783-A539-5E0D350E4D92} = {C2F8FF63-7A48-4179-A720-86206C42F496}
		{B82B2A5C-BD84-4DD8-B06C-C8C561C70B24} = {8EA18457-86E2-4D2D-AC9E-2552FDC9676F}
		{73D08F55-E44B-49BA-8B2A-7B8F1B9CCC29} = {C2F8FF63-7A48-4179-A720-86206C42F496}
		{0350AF9C-0AB5-4246-ADFB-DAD8913A2B93} = {C2F8FF63-7A48-4179-A720-86206C42F496}
		{C9B8EDA9-4D83-41C0-ACF4-5A2F2A262C6D} = {C2F8FF63-7A48-4179-A720-86206C42F496}
		{750C9232-6329-46E6-8225-90FEC7A402D7} = {C2F8FF63-7A48-4179-A720-86206C42F496}
		{15D663D4-50B9-41B0-AAA7-C6F76DCB2BB7} = {8EA18457-86E2-4D2D-AC9E-2552FDC9676F}
		{55BACAE6-605D-4B38-8FCA-BC2B726522A4} = {C2F8FF63-7A48-4179-A720-86206C42F496}
		{00FBE982-4B30-478E-B48F-B971EE735351} = {C2F8FF63-7A48-4179-A720-86206C42F496}
		{2345054A-9FEC-4930-A278-49526BB73CF6} = {C2F8FF63-7A48-4179-A720-86206C42F496}
		{8BBCF59D-7A4F-48A3-B8B2-5BD0C5CE46A8} = {8EA18457-86E2-4D2D-AC9E-2552FDC9676F}
		{18024416-CD26-433B-B34B-2B248A57539C} = {8EA18457-86E2-4D2D-AC9E-2552FDC9676F}
	EndGlobalSection
	GlobalSection(ExtensibilityGlobals) = postSolution
		SolutionGuid = {2EB87445-E263-4E1E-89CC-3839170028E5}
	EndGlobalSection
EndGlobal
