{
  "version": 2,
  "dependencies": {
    "net9.0": {
      "roadregistry.backoffice": {
        "type": "Project"
      },
      "roadregistry.backoffice.abstractions": {
        "type": "Project",
        "dependencies": {
          "RoadRegistry.BackOffice": "[1.0.0, )"
        }
      },
      "roadregistry.editor.schema": {
        "type": "Project",
        "dependencies": {
          "RoadRegistry.BackOffice": "[1.0.0, )"
        }
      },
      "roadregistry.hosts": {
        "type": "Project",
        "dependencies": {
          "RoadRegistry.BackOffice": "[1.0.0, )",
          "RoadRegistry.BackOffice.Abstractions": "[1.0.0, )",
          "RoadRegistry.Editor.Schema": "[1.0.0, )",
          "RoadRegistry.RoadNetwork.Schema": "[1.0.0, )",
          "RoadRegistry.Sync.StreetNameRegistry": "[1.0.0, )"
        }
      },
      "roadregistry.roadnetwork.schema": {
        "type": "Project",
        "dependencies": {
          "RoadRegistry.BackOffice": "[1.0.0, )"
        }
      },
      "roadregistry.streetname": {
        "type": "Project",
        "dependencies": {
          "RoadRegistry.BackOffice": "[1.0.0, )",
          "RoadRegistry.BackOffice.Abstractions": "[1.0.0, )"
        }
      },
      "roadregistry.sync.streetnameregistry": {
        "type": "Project",
        "dependencies": {
          "RoadRegistry.BackOffice": "[1.0.0, )",
          "RoadRegistry.StreetName": "[1.0.0, )"
        }
      }
    },
    "net9.0/linux-arm64": {},
    "net9.0/linux-x64": {},
    "net9.0/win-x64": {}
  }
}